// !$*UTF8*$!
{
	archiveVersion = 1;
	classes = {
	};
	objectVersion = 46;
	objects = {

/* Begin PBXBuildFile section */
		02BA6E6B1BFB58520077B5BB /* NSView+VinceRP.swift in Sources */ = {isa = PBXBuildFile; fileRef = 02BA6E691BFB58520077B5BB /* NSView+VinceRP.swift */; };
		02C489DE1BE3CBE6004FD281 /* UIResponder+VinceRP.swift in Sources */ = {isa = PBXBuildFile; fileRef = 02C489DD1BE3CBE6004FD281 /* UIResponder+VinceRP.swift */; };
		02C8B3871BE3F80C00203CF2 /* Nimble.framework in Copy Carthage frameworks */ = {isa = PBXBuildFile; fileRef = 02C8B3831BE3F7FE00203CF2 /* Nimble.framework */; settings = {ATTRIBUTES = (CodeSignOnCopy, RemoveHeadersOnCopy, ); }; };
		02C8B3881BE3F80C00203CF2 /* Quick.framework in Copy Carthage frameworks */ = {isa = PBXBuildFile; fileRef = 02C8B3841BE3F7FE00203CF2 /* Quick.framework */; settings = {ATTRIBUTES = (CodeSignOnCopy, RemoveHeadersOnCopy, ); }; };
		02C8B3891BE3F81600203CF2 /* Nimble.framework in Frameworks */ = {isa = PBXBuildFile; fileRef = 02C8B3831BE3F7FE00203CF2 /* Nimble.framework */; };
		02C8B38A1BE3F81600203CF2 /* Quick.framework in Frameworks */ = {isa = PBXBuildFile; fileRef = 02C8B3841BE3F7FE00203CF2 /* Quick.framework */; };
		02C8B38B1BE3F89C00203CF2 /* VinceRP.framework in Frameworks */ = {isa = PBXBuildFile; fileRef = 02C4895E1BE35487004FD281 /* VinceRP.framework */; };
		02C8B38E1BE3F9A600203CF2 /* TestUtil.swift in Sources */ = {isa = PBXBuildFile; fileRef = ADEAFB18FDE6268B224542C9 /* TestUtil.swift */; };
		02C8B3961BE3FD6C00203CF2 /* VinceRP.h in Headers */ = {isa = PBXBuildFile; fileRef = 79F256861ADE77250077730C /* VinceRP.h */; settings = {ATTRIBUTES = (Public, ); }; };
		02C8B3971BE3FD7200203CF2 /* VinceRP.h in Headers */ = {isa = PBXBuildFile; fileRef = 79F256861ADE77250077730C /* VinceRP.h */; settings = {ATTRIBUTES = (Public, ); }; };
		791F30AC1C03924C004AA9E2 /* Api.swift in Sources */ = {isa = PBXBuildFile; fileRef = 791F30A61C03924C004AA9E2 /* Api.swift */; };
		791F30B01C03924C004AA9E2 /* Timer.swift in Sources */ = {isa = PBXBuildFile; fileRef = 791F30AA1C03924C004AA9E2 /* Timer.swift */; };
		791F30B41C039260004AA9E2 /* Addable.swift in Sources */ = {isa = PBXBuildFile; fileRef = 791F30B31C039260004AA9E2 /* Addable.swift */; };
		791F30C51C039273004AA9E2 /* BatchUpdate.swift in Sources */ = {isa = PBXBuildFile; fileRef = 791F30B61C039273004AA9E2 /* BatchUpdate.swift */; };
		791F30C61C039273004AA9E2 /* ChangeObserver.swift in Sources */ = {isa = PBXBuildFile; fileRef = 791F30B71C039273004AA9E2 /* ChangeObserver.swift */; };
		791F30C71C039273004AA9E2 /* Dynamic.swift in Sources */ = {isa = PBXBuildFile; fileRef = 791F30B81C039273004AA9E2 /* Dynamic.swift */; };
		791F30C81C039273004AA9E2 /* ErrorObserver.swift in Sources */ = {isa = PBXBuildFile; fileRef = 791F30B91C039273004AA9E2 /* ErrorObserver.swift */; };
		791F30C91C039273004AA9E2 /* Hub.swift in Sources */ = {isa = PBXBuildFile; fileRef = 791F30BA1C039273004AA9E2 /* Hub.swift */; };
		791F30CA1C039273004AA9E2 /* Mapper.swift in Sources */ = {isa = PBXBuildFile; fileRef = 791F30BB1C039273004AA9E2 /* Mapper.swift */; };
		791F30CB1C039273004AA9E2 /* Node.swift in Sources */ = {isa = PBXBuildFile; fileRef = 791F30BC1C039273004AA9E2 /* Node.swift */; };
		791F30CC1C039273004AA9E2 /* NodeTuple.swift in Sources */ = {isa = PBXBuildFile; fileRef = 791F30BD1C039273004AA9E2 /* NodeTuple.swift */; };
		791F30CD1C039273004AA9E2 /* Propagator.swift in Sources */ = {isa = PBXBuildFile; fileRef = 791F30BE1C039273004AA9E2 /* Propagator.swift */; };
		791F30CE1C039273004AA9E2 /* Reducer.swift in Sources */ = {isa = PBXBuildFile; fileRef = 791F30BF1C039273004AA9E2 /* Reducer.swift */; };
		791F30CF1C039273004AA9E2 /* Hub+operators.swift in Sources */ = {isa = PBXBuildFile; fileRef = 791F30C01C039273004AA9E2 /* Hub+operators.swift */; };
		791F30D01C039273004AA9E2 /* Source.swift in Sources */ = {isa = PBXBuildFile; fileRef = 791F30C11C039273004AA9E2 /* Source.swift */; };
		791F30D21C039273004AA9E2 /* Throttle.swift in Sources */ = {isa = PBXBuildFile; fileRef = 791F30C31C039273004AA9E2 /* Throttle.swift */; };
		791F30D31C039273004AA9E2 /* Wrapper.swift in Sources */ = {isa = PBXBuildFile; fileRef = 791F30C41C039273004AA9E2 /* Wrapper.swift */; };
		791F30D41C03927E004AA9E2 /* Api.swift in Sources */ = {isa = PBXBuildFile; fileRef = 791F30A61C03924C004AA9E2 /* Api.swift */; };
		791F30D51C039281004AA9E2 /* Addable.swift in Sources */ = {isa = PBXBuildFile; fileRef = 791F30B31C039260004AA9E2 /* Addable.swift */; };
		791F30D61C039286004AA9E2 /* BatchUpdate.swift in Sources */ = {isa = PBXBuildFile; fileRef = 791F30B61C039273004AA9E2 /* BatchUpdate.swift */; };
		791F30D71C039286004AA9E2 /* ChangeObserver.swift in Sources */ = {isa = PBXBuildFile; fileRef = 791F30B71C039273004AA9E2 /* ChangeObserver.swift */; };
		791F30D81C039286004AA9E2 /* Dynamic.swift in Sources */ = {isa = PBXBuildFile; fileRef = 791F30B81C039273004AA9E2 /* Dynamic.swift */; };
		791F30D91C039286004AA9E2 /* ErrorObserver.swift in Sources */ = {isa = PBXBuildFile; fileRef = 791F30B91C039273004AA9E2 /* ErrorObserver.swift */; };
		791F30DA1C039286004AA9E2 /* Hub.swift in Sources */ = {isa = PBXBuildFile; fileRef = 791F30BA1C039273004AA9E2 /* Hub.swift */; };
		791F30DB1C039286004AA9E2 /* Mapper.swift in Sources */ = {isa = PBXBuildFile; fileRef = 791F30BB1C039273004AA9E2 /* Mapper.swift */; };
		791F30DC1C039286004AA9E2 /* Node.swift in Sources */ = {isa = PBXBuildFile; fileRef = 791F30BC1C039273004AA9E2 /* Node.swift */; };
		791F30DD1C039286004AA9E2 /* NodeTuple.swift in Sources */ = {isa = PBXBuildFile; fileRef = 791F30BD1C039273004AA9E2 /* NodeTuple.swift */; };
		791F30DE1C039286004AA9E2 /* Propagator.swift in Sources */ = {isa = PBXBuildFile; fileRef = 791F30BE1C039273004AA9E2 /* Propagator.swift */; };
		791F30DF1C039286004AA9E2 /* Reducer.swift in Sources */ = {isa = PBXBuildFile; fileRef = 791F30BF1C039273004AA9E2 /* Reducer.swift */; };
		791F30E01C039286004AA9E2 /* Hub+operators.swift in Sources */ = {isa = PBXBuildFile; fileRef = 791F30C01C039273004AA9E2 /* Hub+operators.swift */; };
		791F30E11C039286004AA9E2 /* Source.swift in Sources */ = {isa = PBXBuildFile; fileRef = 791F30C11C039273004AA9E2 /* Source.swift */; };
		791F30E31C039286004AA9E2 /* Throttle.swift in Sources */ = {isa = PBXBuildFile; fileRef = 791F30C31C039273004AA9E2 /* Throttle.swift */; };
		791F30E41C039286004AA9E2 /* Wrapper.swift in Sources */ = {isa = PBXBuildFile; fileRef = 791F30C41C039273004AA9E2 /* Wrapper.swift */; };
		791F30EB1C0392A7004AA9E2 /* AtomicLong.swift in Sources */ = {isa = PBXBuildFile; fileRef = 791F30E61C0392A7004AA9E2 /* AtomicLong.swift */; };
		791F30EC1C0392A7004AA9E2 /* AtomicReference.swift in Sources */ = {isa = PBXBuildFile; fileRef = 791F30E71C0392A7004AA9E2 /* AtomicReference.swift */; };
		791F30ED1C0392A7004AA9E2 /* Dispatchable.swift in Sources */ = {isa = PBXBuildFile; fileRef = 791F30E81C0392A7004AA9E2 /* Dispatchable.swift */; };
		791F30EE1C0392A7004AA9E2 /* DynamicVariable.swift in Sources */ = {isa = PBXBuildFile; fileRef = 791F30E91C0392A7004AA9E2 /* DynamicVariable.swift */; };
		791F30EF1C0392A7004AA9E2 /* ThreadLocal.swift in Sources */ = {isa = PBXBuildFile; fileRef = 791F30EA1C0392A7004AA9E2 /* ThreadLocal.swift */; };
		791F30F01C0392AC004AA9E2 /* AtomicLong.swift in Sources */ = {isa = PBXBuildFile; fileRef = 791F30E61C0392A7004AA9E2 /* AtomicLong.swift */; };
		791F30F11C0392AC004AA9E2 /* AtomicReference.swift in Sources */ = {isa = PBXBuildFile; fileRef = 791F30E71C0392A7004AA9E2 /* AtomicReference.swift */; };
		791F30F21C0392AC004AA9E2 /* Dispatchable.swift in Sources */ = {isa = PBXBuildFile; fileRef = 791F30E81C0392A7004AA9E2 /* Dispatchable.swift */; };
		791F30F31C0392AC004AA9E2 /* DynamicVariable.swift in Sources */ = {isa = PBXBuildFile; fileRef = 791F30E91C0392A7004AA9E2 /* DynamicVariable.swift */; };
		791F30F41C0392AC004AA9E2 /* ThreadLocal.swift in Sources */ = {isa = PBXBuildFile; fileRef = 791F30EA1C0392A7004AA9E2 /* ThreadLocal.swift */; };
		791F30F51C0392B1004AA9E2 /* Timer.swift in Sources */ = {isa = PBXBuildFile; fileRef = 791F30AA1C03924C004AA9E2 /* Timer.swift */; };
		791F31051C0392C0004AA9E2 /* Box.swift in Sources */ = {isa = PBXBuildFile; fileRef = 791F30F71C0392C0004AA9E2 /* Box.swift */; };
		791F31061C0392C0004AA9E2 /* CommonConstants.swift in Sources */ = {isa = PBXBuildFile; fileRef = 791F30F81C0392C0004AA9E2 /* CommonConstants.swift */; };
		791F31081C0392C0004AA9E2 /* ExceptionHandling.swift in Sources */ = {isa = PBXBuildFile; fileRef = 791F30FA1C0392C0004AA9E2 /* ExceptionHandling.swift */; };
		791F31091C0392C0004AA9E2 /* Flattenable.swift in Sources */ = {isa = PBXBuildFile; fileRef = 791F30FB1C0392C0004AA9E2 /* Flattenable.swift */; };
		791F310A1C0392C0004AA9E2 /* FunctionalArray.swift in Sources */ = {isa = PBXBuildFile; fileRef = 791F30FC1C0392C0004AA9E2 /* FunctionalArray.swift */; };
		791F310B1C0392C0004AA9E2 /* FunctionalDictionary.swift in Sources */ = {isa = PBXBuildFile; fileRef = 791F30FD1C0392C0004AA9E2 /* FunctionalDictionary.swift */; };
		791F310C1C0392C0004AA9E2 /* FunctionalSet.swift in Sources */ = {isa = PBXBuildFile; fileRef = 791F30FE1C0392C0004AA9E2 /* FunctionalSet.swift */; };
		791F310D1C0392C0004AA9E2 /* ReactivePropertyGenerator.swift in Sources */ = {isa = PBXBuildFile; fileRef = 791F30FF1C0392C0004AA9E2 /* ReactivePropertyGenerator.swift */; };
		791F310E1C0392C0004AA9E2 /* Try.swift in Sources */ = {isa = PBXBuildFile; fileRef = 791F31001C0392C0004AA9E2 /* Try.swift */; };
		791F310F1C0392C0004AA9E2 /* VRPNSObjectHelper.h in Headers */ = {isa = PBXBuildFile; fileRef = 791F31011C0392C0004AA9E2 /* VRPNSObjectHelper.h */; settings = {ATTRIBUTES = (Public, ); }; };
		791F31101C0392C0004AA9E2 /* VRPNSObjectHelper.m in Sources */ = {isa = PBXBuildFile; fileRef = 791F31021C0392C0004AA9E2 /* VRPNSObjectHelper.m */; };
		791F31111C0392C0004AA9E2 /* WeakReference.swift in Sources */ = {isa = PBXBuildFile; fileRef = 791F31031C0392C0004AA9E2 /* WeakReference.swift */; };
		791F31121C0392C0004AA9E2 /* WeakSet.swift in Sources */ = {isa = PBXBuildFile; fileRef = 791F31041C0392C0004AA9E2 /* WeakSet.swift */; };
		791F31131C0392CB004AA9E2 /* Box.swift in Sources */ = {isa = PBXBuildFile; fileRef = 791F30F71C0392C0004AA9E2 /* Box.swift */; };
		791F31141C0392CB004AA9E2 /* CommonConstants.swift in Sources */ = {isa = PBXBuildFile; fileRef = 791F30F81C0392C0004AA9E2 /* CommonConstants.swift */; };
		791F31161C0392CB004AA9E2 /* ExceptionHandling.swift in Sources */ = {isa = PBXBuildFile; fileRef = 791F30FA1C0392C0004AA9E2 /* ExceptionHandling.swift */; };
		791F31171C0392CB004AA9E2 /* Flattenable.swift in Sources */ = {isa = PBXBuildFile; fileRef = 791F30FB1C0392C0004AA9E2 /* Flattenable.swift */; };
		791F31181C0392CB004AA9E2 /* FunctionalArray.swift in Sources */ = {isa = PBXBuildFile; fileRef = 791F30FC1C0392C0004AA9E2 /* FunctionalArray.swift */; };
		791F31191C0392CB004AA9E2 /* FunctionalDictionary.swift in Sources */ = {isa = PBXBuildFile; fileRef = 791F30FD1C0392C0004AA9E2 /* FunctionalDictionary.swift */; };
		791F311A1C0392CB004AA9E2 /* FunctionalSet.swift in Sources */ = {isa = PBXBuildFile; fileRef = 791F30FE1C0392C0004AA9E2 /* FunctionalSet.swift */; };
		791F311B1C0392CB004AA9E2 /* ReactivePropertyGenerator.swift in Sources */ = {isa = PBXBuildFile; fileRef = 791F30FF1C0392C0004AA9E2 /* ReactivePropertyGenerator.swift */; };
		791F311C1C0392CB004AA9E2 /* Try.swift in Sources */ = {isa = PBXBuildFile; fileRef = 791F31001C0392C0004AA9E2 /* Try.swift */; };
		791F311D1C0392CB004AA9E2 /* VRPNSObjectHelper.h in Headers */ = {isa = PBXBuildFile; fileRef = 791F31011C0392C0004AA9E2 /* VRPNSObjectHelper.h */; settings = {ATTRIBUTES = (Public, ); }; };
		791F311E1C0392CB004AA9E2 /* VRPNSObjectHelper.m in Sources */ = {isa = PBXBuildFile; fileRef = 791F31021C0392C0004AA9E2 /* VRPNSObjectHelper.m */; };
		791F311F1C0392CB004AA9E2 /* WeakReference.swift in Sources */ = {isa = PBXBuildFile; fileRef = 791F31031C0392C0004AA9E2 /* WeakReference.swift */; };
		791F31201C0392CB004AA9E2 /* WeakSet.swift in Sources */ = {isa = PBXBuildFile; fileRef = 791F31041C0392C0004AA9E2 /* WeakSet.swift */; };
		791F31281C0395B4004AA9E2 /* NSTextField+didChange.swift in Sources */ = {isa = PBXBuildFile; fileRef = 791F31231C039580004AA9E2 /* NSTextField+didChange.swift */; };
		791F312D1C039612004AA9E2 /* NSTextField+VinceRP.swift in Sources */ = {isa = PBXBuildFile; fileRef = 791F31241C039580004AA9E2 /* NSTextField+VinceRP.swift */; };
		791F31301C0397C7004AA9E2 /* NSResponder+VinceRP.swift in Sources */ = {isa = PBXBuildFile; fileRef = 791F312E1C0397C2004AA9E2 /* NSResponder+VinceRP.swift */; };
		791F31331C039876004AA9E2 /* NSObject+vincerp.swift in Sources */ = {isa = PBXBuildFile; fileRef = 791F31321C039876004AA9E2 /* NSObject+vincerp.swift */; };
		791F31361C039885004AA9E2 /* String+vincerp.swift in Sources */ = {isa = PBXBuildFile; fileRef = 791F31351C039885004AA9E2 /* String+vincerp.swift */; };
		791F31371C0398B6004AA9E2 /* String+vincerp.swift in Sources */ = {isa = PBXBuildFile; fileRef = 791F31351C039885004AA9E2 /* String+vincerp.swift */; };
		791F31381C0398B9004AA9E2 /* NSObject+vincerp.swift in Sources */ = {isa = PBXBuildFile; fileRef = 791F31321C039876004AA9E2 /* NSObject+vincerp.swift */; };
		792178441BB6DB890039F457 /* Quick.framework in Frameworks */ = {isa = PBXBuildFile; fileRef = 792178421BB6DB890039F457 /* Quick.framework */; };
		792178451BB6DB890039F457 /* Nimble.framework in Frameworks */ = {isa = PBXBuildFile; fileRef = 792178431BB6DB890039F457 /* Nimble.framework */; };
		79552EBB1C078C5100EC284B /* Hub+operatorsSpec.swift in Sources */ = {isa = PBXBuildFile; fileRef = 79552EBA1C078C5100EC284B /* Hub+operatorsSpec.swift */; };
		79552EBC1C078CCB00EC284B /* Hub+operatorsSpec.swift in Sources */ = {isa = PBXBuildFile; fileRef = 79552EBA1C078C5100EC284B /* Hub+operatorsSpec.swift */; };
		79552EBE1C08411B00EC284B /* MapperSpec.swift in Sources */ = {isa = PBXBuildFile; fileRef = 79552EBD1C08411B00EC284B /* MapperSpec.swift */; };
		79552EBF1C08411E00EC284B /* MapperSpec.swift in Sources */ = {isa = PBXBuildFile; fileRef = 79552EBD1C08411B00EC284B /* MapperSpec.swift */; };
		79552EC11C086CF400EC284B /* ReducerSpec.swift in Sources */ = {isa = PBXBuildFile; fileRef = 79552EC01C086CF400EC284B /* ReducerSpec.swift */; };
		79552EC21C086CF400EC284B /* ReducerSpec.swift in Sources */ = {isa = PBXBuildFile; fileRef = 79552EC01C086CF400EC284B /* ReducerSpec.swift */; };
		79552EC41C08827A00EC284B /* ThrottleSpec.swift in Sources */ = {isa = PBXBuildFile; fileRef = 79552EC31C08827A00EC284B /* ThrottleSpec.swift */; };
		79552EC51C08827A00EC284B /* ThrottleSpec.swift in Sources */ = {isa = PBXBuildFile; fileRef = 79552EC31C08827A00EC284B /* ThrottleSpec.swift */; };
		795FF5301BB6DD7B00E19285 /* Quick.framework in Copy Carthage frameworks */ = {isa = PBXBuildFile; fileRef = 792178421BB6DB890039F457 /* Quick.framework */; settings = {ATTRIBUTES = (CodeSignOnCopy, RemoveHeadersOnCopy, ); }; };
		795FF5311BB6DD7B00E19285 /* Nimble.framework in Copy Carthage frameworks */ = {isa = PBXBuildFile; fileRef = 792178431BB6DB890039F457 /* Nimble.framework */; settings = {ATTRIBUTES = (CodeSignOnCopy, RemoveHeadersOnCopy, ); }; };
		795FF5521BB814D400E19285 /* UIActivityIndicatorView+VinceRP.swift in Sources */ = {isa = PBXBuildFile; fileRef = 795FF5511BB814D400E19285 /* UIActivityIndicatorView+VinceRP.swift */; };
		795FF5541BB817E900E19285 /* UIControl+VinceRP.swift in Sources */ = {isa = PBXBuildFile; fileRef = 795FF5531BB817E900E19285 /* UIControl+VinceRP.swift */; };
		795FF5561BB819EF00E19285 /* UIView+VinceRP.swift in Sources */ = {isa = PBXBuildFile; fileRef = 795FF5551BB819EF00E19285 /* UIView+VinceRP.swift */; };
		797036921BA719B600ED5D1A /* UIStepper+VinceRP.swift in Sources */ = {isa = PBXBuildFile; fileRef = 797036911BA719B600ED5D1A /* UIStepper+VinceRP.swift */; };
		797036961BA72B2C00ED5D1A /* UILabel+VinceRP.swift in Sources */ = {isa = PBXBuildFile; fileRef = 797036951BA72B2C00ED5D1A /* UILabel+VinceRP.swift */; };
		798A2D2F1C0789E4000277AA /* AtomicLongSpec.swift in Sources */ = {isa = PBXBuildFile; fileRef = 798A2D2C1C0789E4000277AA /* AtomicLongSpec.swift */; };
		798A2D311C0789E4000277AA /* DynamicVariableSpec.swift in Sources */ = {isa = PBXBuildFile; fileRef = 798A2D2E1C0789E4000277AA /* DynamicVariableSpec.swift */; };
		798A2D381C0789F5000277AA /* BoxTests.swift in Sources */ = {isa = PBXBuildFile; fileRef = 798A2D321C0789F5000277AA /* BoxTests.swift */; };
		798A2D391C0789F5000277AA /* FunctionalArraySpec.swift in Sources */ = {isa = PBXBuildFile; fileRef = 798A2D331C0789F5000277AA /* FunctionalArraySpec.swift */; };
		798A2D3A1C0789F5000277AA /* FunctionalDictionarySpec.swift in Sources */ = {isa = PBXBuildFile; fileRef = 798A2D341C0789F5000277AA /* FunctionalDictionarySpec.swift */; };
		798A2D3B1C0789F5000277AA /* FunctionalSetSpec.swift in Sources */ = {isa = PBXBuildFile; fileRef = 798A2D351C0789F5000277AA /* FunctionalSetSpec.swift */; };
		798A2D3C1C0789F5000277AA /* TrySpec.swift in Sources */ = {isa = PBXBuildFile; fileRef = 798A2D361C0789F5000277AA /* TrySpec.swift */; };
		798A2D3D1C0789F5000277AA /* WeakReferenceTests.swift in Sources */ = {isa = PBXBuildFile; fileRef = 798A2D371C0789F5000277AA /* WeakReferenceTests.swift */; };
		798A2D411C078A81000277AA /* AtomicLongSpec.swift in Sources */ = {isa = PBXBuildFile; fileRef = 798A2D2C1C0789E4000277AA /* AtomicLongSpec.swift */; };
		798A2D431C078A81000277AA /* DynamicVariableSpec.swift in Sources */ = {isa = PBXBuildFile; fileRef = 798A2D2E1C0789E4000277AA /* DynamicVariableSpec.swift */; };
		798A2D441C078A86000277AA /* BoxTests.swift in Sources */ = {isa = PBXBuildFile; fileRef = 798A2D321C0789F5000277AA /* BoxTests.swift */; };
		798A2D451C078A86000277AA /* FunctionalArraySpec.swift in Sources */ = {isa = PBXBuildFile; fileRef = 798A2D331C0789F5000277AA /* FunctionalArraySpec.swift */; };
		798A2D461C078A86000277AA /* FunctionalDictionarySpec.swift in Sources */ = {isa = PBXBuildFile; fileRef = 798A2D341C0789F5000277AA /* FunctionalDictionarySpec.swift */; };
		798A2D471C078A86000277AA /* FunctionalSetSpec.swift in Sources */ = {isa = PBXBuildFile; fileRef = 798A2D351C0789F5000277AA /* FunctionalSetSpec.swift */; };
		798A2D481C078A86000277AA /* TrySpec.swift in Sources */ = {isa = PBXBuildFile; fileRef = 798A2D361C0789F5000277AA /* TrySpec.swift */; };
		798A2D491C078A86000277AA /* WeakReferenceTests.swift in Sources */ = {isa = PBXBuildFile; fileRef = 798A2D371C0789F5000277AA /* WeakReferenceTests.swift */; };
		798A2D4D1C078B39000277AA /* AdvancedSpec.swift in Sources */ = {isa = PBXBuildFile; fileRef = 798A2D4A1C078B39000277AA /* AdvancedSpec.swift */; };
		798A2D4E1C078B39000277AA /* BasicSpec.swift in Sources */ = {isa = PBXBuildFile; fileRef = 798A2D4B1C078B39000277AA /* BasicSpec.swift */; };
		798A2D4F1C078B39000277AA /* SmokeSpec.swift in Sources */ = {isa = PBXBuildFile; fileRef = 798A2D4C1C078B39000277AA /* SmokeSpec.swift */; };
		798A2D501C078B40000277AA /* AdvancedSpec.swift in Sources */ = {isa = PBXBuildFile; fileRef = 798A2D4A1C078B39000277AA /* AdvancedSpec.swift */; };
		798A2D511C078B43000277AA /* BasicSpec.swift in Sources */ = {isa = PBXBuildFile; fileRef = 798A2D4B1C078B39000277AA /* BasicSpec.swift */; };
		798A2D521C078B45000277AA /* SmokeSpec.swift in Sources */ = {isa = PBXBuildFile; fileRef = 798A2D4C1C078B39000277AA /* SmokeSpec.swift */; };
		79952B261C0CCCEF00BD7E76 /* Spinlock.swift in Sources */ = {isa = PBXBuildFile; fileRef = 79952B251C0CCCEF00BD7E76 /* Spinlock.swift */; };
		79952B271C0CCCEF00BD7E76 /* Spinlock.swift in Sources */ = {isa = PBXBuildFile; fileRef = 79952B251C0CCCEF00BD7E76 /* Spinlock.swift */; };
		79CB58351BD1227E00070BEF /* UISearchBar+VinceRP.swift in Sources */ = {isa = PBXBuildFile; fileRef = 79CB58341BD1227E00070BEF /* UISearchBar+VinceRP.swift */; };
		79CB58371BD122CF00070BEF /* UISearchBar+didChange.swift in Sources */ = {isa = PBXBuildFile; fileRef = 79CB58361BD122CF00070BEF /* UISearchBar+didChange.swift */; };
		79E6CE181BB6D4CB006E67C6 /* UITextField+didChange.swift in Sources */ = {isa = PBXBuildFile; fileRef = 79E6CE171BB6D4CB006E67C6 /* UITextField+didChange.swift */; };
		79F2568D1ADE77250077730C /* VinceRP.framework in Frameworks */ = {isa = PBXBuildFile; fileRef = 79F256811ADE77250077730C /* VinceRP.framework */; };
		ADEAF1F23443C1A82FB7EBDA /* UIButton+VinceRP.swift in Sources */ = {isa = PBXBuildFile; fileRef = ADEAFA6B6FB7040353334EAB /* UIButton+VinceRP.swift */; };
		ADEAF8C21D91DB39C2B410D1 /* UITextField+VinceRP.swift in Sources */ = {isa = PBXBuildFile; fileRef = ADEAFEC1441FCC8836E9E10D /* UITextField+VinceRP.swift */; };
		ADEAFB62FB15F2199D9E89C1 /* TestUtil.swift in Sources */ = {isa = PBXBuildFile; fileRef = ADEAFB18FDE6268B224542C9 /* TestUtil.swift */; };
/* End PBXBuildFile section */

/* Begin PBXContainerItemProxy section */
		02C8B38C1BE3F8AC00203CF2 /* PBXContainerItemProxy */ = {
			isa = PBXContainerItemProxy;
			containerPortal = 79F256781ADE77250077730C /* Project object */;
			proxyType = 1;
			remoteGlobalIDString = 02C4895D1BE35487004FD281;
			remoteInfo = "VinceRP-Mac";
		};
		792178211BB6D8010039F457 /* PBXContainerItemProxy */ = {
			isa = PBXContainerItemProxy;
			containerPortal = 79F256781ADE77250077730C /* Project object */;
			proxyType = 1;
			remoteGlobalIDString = 79F256801ADE77250077730C;
			remoteInfo = VinceRP;
		};
/* End PBXContainerItemProxy section */

/* Begin PBXCopyFilesBuildPhase section */
		02C8B37C1BE3F5DA00203CF2 /* Copy Carthage frameworks */ = {
			isa = PBXCopyFilesBuildPhase;
			buildActionMask = 2147483647;
			dstPath = "";
			dstSubfolderSpec = 10;
			files = (
				02C8B3871BE3F80C00203CF2 /* Nimble.framework in Copy Carthage frameworks */,
				02C8B3881BE3F80C00203CF2 /* Quick.framework in Copy Carthage frameworks */,
			);
			name = "Copy Carthage frameworks";
			runOnlyForDeploymentPostprocessing = 0;
		};
		795FF52F1BB6DD6100E19285 /* Copy Carthage frameworks */ = {
			isa = PBXCopyFilesBuildPhase;
			buildActionMask = 2147483647;
			dstPath = "";
			dstSubfolderSpec = 10;
			files = (
				795FF5301BB6DD7B00E19285 /* Quick.framework in Copy Carthage frameworks */,
				795FF5311BB6DD7B00E19285 /* Nimble.framework in Copy Carthage frameworks */,
			);
			name = "Copy Carthage frameworks";
			runOnlyForDeploymentPostprocessing = 0;
		};
/* End PBXCopyFilesBuildPhase section */

/* Begin PBXFileReference section */
		02BA6E691BFB58520077B5BB /* NSView+VinceRP.swift */ = {isa = PBXFileReference; fileEncoding = 4; lastKnownFileType = sourcecode.swift; name = "NSView+VinceRP.swift"; path = "vincerp/Extension/AppKit/NSView+VinceRP.swift"; sourceTree = SOURCE_ROOT; };
		02C4895E1BE35487004FD281 /* VinceRP.framework */ = {isa = PBXFileReference; explicitFileType = wrapper.framework; includeInIndex = 0; path = VinceRP.framework; sourceTree = BUILT_PRODUCTS_DIR; };
		02C489671BE35488004FD281 /* VinceRPTests.xctest */ = {isa = PBXFileReference; explicitFileType = wrapper.cfbundle; includeInIndex = 0; path = VinceRPTests.xctest; sourceTree = BUILT_PRODUCTS_DIR; };
		02C489DD1BE3CBE6004FD281 /* UIResponder+VinceRP.swift */ = {isa = PBXFileReference; fileEncoding = 4; lastKnownFileType = sourcecode.swift; path = "UIResponder+VinceRP.swift"; sourceTree = "<group>"; };
		02C8B3831BE3F7FE00203CF2 /* Nimble.framework */ = {isa = PBXFileReference; lastKnownFileType = wrapper.framework; name = Nimble.framework; path = Carthage/Build/Mac/Nimble.framework; sourceTree = "<group>"; };
		02C8B3841BE3F7FE00203CF2 /* Quick.framework */ = {isa = PBXFileReference; lastKnownFileType = wrapper.framework; name = Quick.framework; path = Carthage/Build/Mac/Quick.framework; sourceTree = "<group>"; };
		791F30A61C03924C004AA9E2 /* Api.swift */ = {isa = PBXFileReference; fileEncoding = 4; lastKnownFileType = sourcecode.swift; name = Api.swift; path = ../vincerp/Common/Api.swift; sourceTree = "<group>"; };
		791F30AA1C03924C004AA9E2 /* Timer.swift */ = {isa = PBXFileReference; fileEncoding = 4; lastKnownFileType = sourcecode.swift; name = Timer.swift; path = ../vincerp/Common/Timer.swift; sourceTree = "<group>"; };
		791F30B31C039260004AA9E2 /* Addable.swift */ = {isa = PBXFileReference; fileEncoding = 4; lastKnownFileType = sourcecode.swift; name = Addable.swift; path = ../vincerp/Common/Convenient/Addable.swift; sourceTree = "<group>"; };
		791F30B61C039273004AA9E2 /* BatchUpdate.swift */ = {isa = PBXFileReference; fileEncoding = 4; lastKnownFileType = sourcecode.swift; name = BatchUpdate.swift; path = ../vincerp/Common/Core/BatchUpdate.swift; sourceTree = "<group>"; };
		791F30B71C039273004AA9E2 /* ChangeObserver.swift */ = {isa = PBXFileReference; fileEncoding = 4; lastKnownFileType = sourcecode.swift; name = ChangeObserver.swift; path = ../vincerp/Common/Core/ChangeObserver.swift; sourceTree = "<group>"; };
		791F30B81C039273004AA9E2 /* Dynamic.swift */ = {isa = PBXFileReference; fileEncoding = 4; lastKnownFileType = sourcecode.swift; name = Dynamic.swift; path = ../vincerp/Common/Core/Dynamic.swift; sourceTree = "<group>"; };
		791F30B91C039273004AA9E2 /* ErrorObserver.swift */ = {isa = PBXFileReference; fileEncoding = 4; lastKnownFileType = sourcecode.swift; name = ErrorObserver.swift; path = ../vincerp/Common/Core/ErrorObserver.swift; sourceTree = "<group>"; };
		791F30BA1C039273004AA9E2 /* Hub.swift */ = {isa = PBXFileReference; fileEncoding = 4; lastKnownFileType = sourcecode.swift; name = Hub.swift; path = ../vincerp/Common/Core/Hub.swift; sourceTree = "<group>"; };
		791F30BB1C039273004AA9E2 /* Mapper.swift */ = {isa = PBXFileReference; fileEncoding = 4; lastKnownFileType = sourcecode.swift; name = Mapper.swift; path = ../vincerp/Common/Core/Mapper.swift; sourceTree = "<group>"; };
		791F30BC1C039273004AA9E2 /* Node.swift */ = {isa = PBXFileReference; fileEncoding = 4; lastKnownFileType = sourcecode.swift; name = Node.swift; path = ../vincerp/Common/Core/Node.swift; sourceTree = "<group>"; };
		791F30BD1C039273004AA9E2 /* NodeTuple.swift */ = {isa = PBXFileReference; fileEncoding = 4; lastKnownFileType = sourcecode.swift; name = NodeTuple.swift; path = ../vincerp/Common/Core/NodeTuple.swift; sourceTree = "<group>"; };
		791F30BE1C039273004AA9E2 /* Propagator.swift */ = {isa = PBXFileReference; fileEncoding = 4; lastKnownFileType = sourcecode.swift; name = Propagator.swift; path = ../vincerp/Common/Core/Propagator.swift; sourceTree = "<group>"; };
		791F30BF1C039273004AA9E2 /* Reducer.swift */ = {isa = PBXFileReference; fileEncoding = 4; lastKnownFileType = sourcecode.swift; name = Reducer.swift; path = ../vincerp/Common/Core/Reducer.swift; sourceTree = "<group>"; };
		791F30C01C039273004AA9E2 /* Hub+operators.swift */ = {isa = PBXFileReference; fileEncoding = 4; lastKnownFileType = sourcecode.swift; name = "Hub+operators.swift"; path = "../vincerp/Common/Core/Hub+operators.swift"; sourceTree = "<group>"; };
		791F30C11C039273004AA9E2 /* Source.swift */ = {isa = PBXFileReference; fileEncoding = 4; lastKnownFileType = sourcecode.swift; name = Source.swift; path = ../vincerp/Common/Core/Source.swift; sourceTree = "<group>"; };
		791F30C31C039273004AA9E2 /* Throttle.swift */ = {isa = PBXFileReference; fileEncoding = 4; lastKnownFileType = sourcecode.swift; name = Throttle.swift; path = ../vincerp/Common/Core/Throttle.swift; sourceTree = "<group>"; };
		791F30C41C039273004AA9E2 /* Wrapper.swift */ = {isa = PBXFileReference; fileEncoding = 4; lastKnownFileType = sourcecode.swift; name = Wrapper.swift; path = ../vincerp/Common/Core/Wrapper.swift; sourceTree = "<group>"; };
		791F30E61C0392A7004AA9E2 /* AtomicLong.swift */ = {isa = PBXFileReference; fileEncoding = 4; lastKnownFileType = sourcecode.swift; name = AtomicLong.swift; path = ../vincerp/Common/Threading/AtomicLong.swift; sourceTree = "<group>"; };
		791F30E71C0392A7004AA9E2 /* AtomicReference.swift */ = {isa = PBXFileReference; fileEncoding = 4; lastKnownFileType = sourcecode.swift; name = AtomicReference.swift; path = ../vincerp/Common/Threading/AtomicReference.swift; sourceTree = "<group>"; };
		791F30E81C0392A7004AA9E2 /* Dispatchable.swift */ = {isa = PBXFileReference; fileEncoding = 4; lastKnownFileType = sourcecode.swift; name = Dispatchable.swift; path = ../vincerp/Common/Threading/Dispatchable.swift; sourceTree = "<group>"; };
		791F30E91C0392A7004AA9E2 /* DynamicVariable.swift */ = {isa = PBXFileReference; fileEncoding = 4; lastKnownFileType = sourcecode.swift; name = DynamicVariable.swift; path = ../vincerp/Common/Threading/DynamicVariable.swift; sourceTree = "<group>"; };
		791F30EA1C0392A7004AA9E2 /* ThreadLocal.swift */ = {isa = PBXFileReference; fileEncoding = 4; lastKnownFileType = sourcecode.swift; name = ThreadLocal.swift; path = ../vincerp/Common/Threading/ThreadLocal.swift; sourceTree = "<group>"; };
		791F30F71C0392C0004AA9E2 /* Box.swift */ = {isa = PBXFileReference; fileEncoding = 4; lastKnownFileType = sourcecode.swift; name = Box.swift; path = ../vincerp/Common/Util/Box.swift; sourceTree = "<group>"; };
		791F30F81C0392C0004AA9E2 /* CommonConstants.swift */ = {isa = PBXFileReference; fileEncoding = 4; lastKnownFileType = sourcecode.swift; name = CommonConstants.swift; path = ../vincerp/Common/Util/CommonConstants.swift; sourceTree = "<group>"; };
		791F30FA1C0392C0004AA9E2 /* ExceptionHandling.swift */ = {isa = PBXFileReference; fileEncoding = 4; lastKnownFileType = sourcecode.swift; name = ExceptionHandling.swift; path = ../vincerp/Common/Util/ExceptionHandling.swift; sourceTree = "<group>"; };
		791F30FB1C0392C0004AA9E2 /* Flattenable.swift */ = {isa = PBXFileReference; fileEncoding = 4; lastKnownFileType = sourcecode.swift; name = Flattenable.swift; path = ../vincerp/Common/Util/Flattenable.swift; sourceTree = "<group>"; };
		791F30FC1C0392C0004AA9E2 /* FunctionalArray.swift */ = {isa = PBXFileReference; fileEncoding = 4; lastKnownFileType = sourcecode.swift; name = FunctionalArray.swift; path = ../vincerp/Common/Util/FunctionalArray.swift; sourceTree = "<group>"; };
		791F30FD1C0392C0004AA9E2 /* FunctionalDictionary.swift */ = {isa = PBXFileReference; fileEncoding = 4; lastKnownFileType = sourcecode.swift; name = FunctionalDictionary.swift; path = ../vincerp/Common/Util/FunctionalDictionary.swift; sourceTree = "<group>"; };
		791F30FE1C0392C0004AA9E2 /* FunctionalSet.swift */ = {isa = PBXFileReference; fileEncoding = 4; lastKnownFileType = sourcecode.swift; name = FunctionalSet.swift; path = ../vincerp/Common/Util/FunctionalSet.swift; sourceTree = "<group>"; };
		791F30FF1C0392C0004AA9E2 /* ReactivePropertyGenerator.swift */ = {isa = PBXFileReference; fileEncoding = 4; lastKnownFileType = sourcecode.swift; name = ReactivePropertyGenerator.swift; path = ../vincerp/Common/Util/ReactivePropertyGenerator.swift; sourceTree = "<group>"; };
		791F31001C0392C0004AA9E2 /* Try.swift */ = {isa = PBXFileReference; fileEncoding = 4; lastKnownFileType = sourcecode.swift; name = Try.swift; path = ../vincerp/Common/Util/Try.swift; sourceTree = "<group>"; };
		791F31011C0392C0004AA9E2 /* VRPNSObjectHelper.h */ = {isa = PBXFileReference; fileEncoding = 4; lastKnownFileType = sourcecode.c.h; name = VRPNSObjectHelper.h; path = ../vincerp/Common/Util/VRPNSObjectHelper.h; sourceTree = "<group>"; };
		791F31021C0392C0004AA9E2 /* VRPNSObjectHelper.m */ = {isa = PBXFileReference; fileEncoding = 4; lastKnownFileType = sourcecode.c.objc; name = VRPNSObjectHelper.m; path = ../vincerp/Common/Util/VRPNSObjectHelper.m; sourceTree = "<group>"; };
		791F31031C0392C0004AA9E2 /* WeakReference.swift */ = {isa = PBXFileReference; fileEncoding = 4; lastKnownFileType = sourcecode.swift; name = WeakReference.swift; path = ../vincerp/Common/Util/WeakReference.swift; sourceTree = "<group>"; };
		791F31041C0392C0004AA9E2 /* WeakSet.swift */ = {isa = PBXFileReference; fileEncoding = 4; lastKnownFileType = sourcecode.swift; name = WeakSet.swift; path = ../vincerp/Common/Util/WeakSet.swift; sourceTree = "<group>"; };
		791F31211C03947D004AA9E2 /* AppKit.framework */ = {isa = PBXFileReference; lastKnownFileType = wrapper.framework; name = AppKit.framework; path = Platforms/MacOSX.platform/Developer/SDKs/MacOSX10.11.sdk/System/Library/Frameworks/AppKit.framework; sourceTree = DEVELOPER_DIR; };
		791F31231C039580004AA9E2 /* NSTextField+didChange.swift */ = {isa = PBXFileReference; fileEncoding = 4; lastKnownFileType = sourcecode.swift; name = "NSTextField+didChange.swift"; path = "vincerp/Extension/AppKit/NSTextField+didChange.swift"; sourceTree = SOURCE_ROOT; };
		791F31241C039580004AA9E2 /* NSTextField+VinceRP.swift */ = {isa = PBXFileReference; fileEncoding = 4; lastKnownFileType = sourcecode.swift; name = "NSTextField+VinceRP.swift"; path = "vincerp/Extension/AppKit/NSTextField+VinceRP.swift"; sourceTree = SOURCE_ROOT; };
		791F312E1C0397C2004AA9E2 /* NSResponder+VinceRP.swift */ = {isa = PBXFileReference; fileEncoding = 4; lastKnownFileType = sourcecode.swift; name = "NSResponder+VinceRP.swift"; path = "vincerp/Extension/AppKit/NSResponder+VinceRP.swift"; sourceTree = SOURCE_ROOT; };
		791F31321C039876004AA9E2 /* NSObject+vincerp.swift */ = {isa = PBXFileReference; fileEncoding = 4; lastKnownFileType = sourcecode.swift; name = "NSObject+vincerp.swift"; path = "vincerp/Extension/Common/NSObject+vincerp.swift"; sourceTree = SOURCE_ROOT; };
		791F31351C039885004AA9E2 /* String+vincerp.swift */ = {isa = PBXFileReference; fileEncoding = 4; lastKnownFileType = sourcecode.swift; name = "String+vincerp.swift"; path = "vincerp/Extension/Common/Foundation/String+vincerp.swift"; sourceTree = SOURCE_ROOT; };
		792178421BB6DB890039F457 /* Quick.framework */ = {isa = PBXFileReference; lastKnownFileType = wrapper.framework; name = Quick.framework; path = Carthage/Build/iOS/Quick.framework; sourceTree = "<group>"; };
		792178431BB6DB890039F457 /* Nimble.framework */ = {isa = PBXFileReference; lastKnownFileType = wrapper.framework; name = Nimble.framework; path = Carthage/Build/iOS/Nimble.framework; sourceTree = "<group>"; };
		79273A431BAE05BC00CEF85C /* Box.xcodeproj */ = {isa = PBXFileReference; lastKnownFileType = "wrapper.pb-project"; path = Box.xcodeproj; sourceTree = "<group>"; };
		79273A851BAE05BC00CEF85C /* Nimble.xcodeproj */ = {isa = PBXFileReference; lastKnownFileType = "wrapper.pb-project"; path = Nimble.xcodeproj; sourceTree = "<group>"; };
		79273B111BAE05BC00CEF85C /* Nimble.xcodeproj */ = {isa = PBXFileReference; lastKnownFileType = "wrapper.pb-project"; path = Nimble.xcodeproj; sourceTree = "<group>"; };
		79273B7F1BAE05BC00CEF85C /* Quick.xcodeproj */ = {isa = PBXFileReference; lastKnownFileType = "wrapper.pb-project"; path = Quick.xcodeproj; sourceTree = "<group>"; };
		79273BB61BAE05BD00CEF85C /* Result.xcodeproj */ = {isa = PBXFileReference; lastKnownFileType = "wrapper.pb-project"; path = Result.xcodeproj; sourceTree = "<group>"; };
		79273CC91BAE05BD00CEF85C /* ReactiveCocoa.xcodeproj */ = {isa = PBXFileReference; lastKnownFileType = "wrapper.pb-project"; path = ReactiveCocoa.xcodeproj; sourceTree = "<group>"; };
		79273D421BAE05BD00CEF85C /* Box.xcodeproj */ = {isa = PBXFileReference; lastKnownFileType = "wrapper.pb-project"; path = Box.xcodeproj; sourceTree = "<group>"; };
		79273D531BAE05BD00CEF85C /* Result.xcodeproj */ = {isa = PBXFileReference; lastKnownFileType = "wrapper.pb-project"; path = Result.xcodeproj; sourceTree = "<group>"; };
		79552EBA1C078C5100EC284B /* Hub+operatorsSpec.swift */ = {isa = PBXFileReference; fileEncoding = 4; lastKnownFileType = sourcecode.swift; name = "Hub+operatorsSpec.swift"; path = "Common/Core/Hub+operatorsSpec.swift"; sourceTree = "<group>"; };
		79552EBD1C08411B00EC284B /* MapperSpec.swift */ = {isa = PBXFileReference; fileEncoding = 4; lastKnownFileType = sourcecode.swift; name = MapperSpec.swift; path = Common/Core/MapperSpec.swift; sourceTree = "<group>"; };
		79552EC01C086CF400EC284B /* ReducerSpec.swift */ = {isa = PBXFileReference; fileEncoding = 4; lastKnownFileType = sourcecode.swift; name = ReducerSpec.swift; path = Common/Core/ReducerSpec.swift; sourceTree = "<group>"; };
		79552EC31C08827A00EC284B /* ThrottleSpec.swift */ = {isa = PBXFileReference; fileEncoding = 4; lastKnownFileType = sourcecode.swift; name = ThrottleSpec.swift; path = Common/Core/ThrottleSpec.swift; sourceTree = "<group>"; };
		795FF5511BB814D400E19285 /* UIActivityIndicatorView+VinceRP.swift */ = {isa = PBXFileReference; fileEncoding = 4; lastKnownFileType = sourcecode.swift; path = "UIActivityIndicatorView+VinceRP.swift"; sourceTree = "<group>"; };
		795FF5531BB817E900E19285 /* UIControl+VinceRP.swift */ = {isa = PBXFileReference; fileEncoding = 4; lastKnownFileType = sourcecode.swift; path = "UIControl+VinceRP.swift"; sourceTree = "<group>"; };
		795FF5551BB819EF00E19285 /* UIView+VinceRP.swift */ = {isa = PBXFileReference; fileEncoding = 4; lastKnownFileType = sourcecode.swift; path = "UIView+VinceRP.swift"; sourceTree = "<group>"; };
		797036911BA719B600ED5D1A /* UIStepper+VinceRP.swift */ = {isa = PBXFileReference; fileEncoding = 4; lastKnownFileType = sourcecode.swift; path = "UIStepper+VinceRP.swift"; sourceTree = "<group>"; };
		797036951BA72B2C00ED5D1A /* UILabel+VinceRP.swift */ = {isa = PBXFileReference; fileEncoding = 4; lastKnownFileType = sourcecode.swift; path = "UILabel+VinceRP.swift"; sourceTree = "<group>"; };
		798A2D2C1C0789E4000277AA /* AtomicLongSpec.swift */ = {isa = PBXFileReference; fileEncoding = 4; lastKnownFileType = sourcecode.swift; name = AtomicLongSpec.swift; path = ../vincerpTests/Common/Threading/AtomicLongSpec.swift; sourceTree = "<group>"; };
		798A2D2E1C0789E4000277AA /* DynamicVariableSpec.swift */ = {isa = PBXFileReference; fileEncoding = 4; lastKnownFileType = sourcecode.swift; name = DynamicVariableSpec.swift; path = ../vincerpTests/Common/Threading/DynamicVariableSpec.swift; sourceTree = "<group>"; };
		798A2D321C0789F5000277AA /* BoxTests.swift */ = {isa = PBXFileReference; fileEncoding = 4; lastKnownFileType = sourcecode.swift; name = BoxTests.swift; path = vincerpTests/Common/Util/BoxTests.swift; sourceTree = SOURCE_ROOT; };
		798A2D331C0789F5000277AA /* FunctionalArraySpec.swift */ = {isa = PBXFileReference; fileEncoding = 4; lastKnownFileType = sourcecode.swift; name = FunctionalArraySpec.swift; path = vincerpTests/Common/Util/FunctionalArraySpec.swift; sourceTree = SOURCE_ROOT; };
		798A2D341C0789F5000277AA /* FunctionalDictionarySpec.swift */ = {isa = PBXFileReference; fileEncoding = 4; lastKnownFileType = sourcecode.swift; name = FunctionalDictionarySpec.swift; path = vincerpTests/Common/Util/FunctionalDictionarySpec.swift; sourceTree = SOURCE_ROOT; };
		798A2D351C0789F5000277AA /* FunctionalSetSpec.swift */ = {isa = PBXFileReference; fileEncoding = 4; lastKnownFileType = sourcecode.swift; name = FunctionalSetSpec.swift; path = vincerpTests/Common/Util/FunctionalSetSpec.swift; sourceTree = SOURCE_ROOT; };
		798A2D361C0789F5000277AA /* TrySpec.swift */ = {isa = PBXFileReference; fileEncoding = 4; lastKnownFileType = sourcecode.swift; name = TrySpec.swift; path = vincerpTests/Common/Util/TrySpec.swift; sourceTree = SOURCE_ROOT; };
		798A2D371C0789F5000277AA /* WeakReferenceTests.swift */ = {isa = PBXFileReference; fileEncoding = 4; lastKnownFileType = sourcecode.swift; name = WeakReferenceTests.swift; path = vincerpTests/Common/Util/WeakReferenceTests.swift; sourceTree = SOURCE_ROOT; };
		798A2D4A1C078B39000277AA /* AdvancedSpec.swift */ = {isa = PBXFileReference; fileEncoding = 4; lastKnownFileType = sourcecode.swift; name = AdvancedSpec.swift; path = vincerpTests/Common/AdvancedSpec.swift; sourceTree = SOURCE_ROOT; };
		798A2D4B1C078B39000277AA /* BasicSpec.swift */ = {isa = PBXFileReference; fileEncoding = 4; lastKnownFileType = sourcecode.swift; name = BasicSpec.swift; path = vincerpTests/Common/BasicSpec.swift; sourceTree = SOURCE_ROOT; };
		798A2D4C1C078B39000277AA /* SmokeSpec.swift */ = {isa = PBXFileReference; fileEncoding = 4; lastKnownFileType = sourcecode.swift; name = SmokeSpec.swift; path = vincerpTests/Common/SmokeSpec.swift; sourceTree = SOURCE_ROOT; };
		79952B251C0CCCEF00BD7E76 /* Spinlock.swift */ = {isa = PBXFileReference; fileEncoding = 4; lastKnownFileType = sourcecode.swift; name = Spinlock.swift; path = Common/Threading/Spinlock.swift; sourceTree = "<group>"; };
		79CB58341BD1227E00070BEF /* UISearchBar+VinceRP.swift */ = {isa = PBXFileReference; fileEncoding = 4; lastKnownFileType = sourcecode.swift; path = "UISearchBar+VinceRP.swift"; sourceTree = "<group>"; };
		79CB58361BD122CF00070BEF /* UISearchBar+didChange.swift */ = {isa = PBXFileReference; fileEncoding = 4; lastKnownFileType = sourcecode.swift; path = "UISearchBar+didChange.swift"; sourceTree = "<group>"; };
		79E6CE171BB6D4CB006E67C6 /* UITextField+didChange.swift */ = {isa = PBXFileReference; fileEncoding = 4; lastKnownFileType = sourcecode.swift; path = "UITextField+didChange.swift"; sourceTree = "<group>"; };
		79F256811ADE77250077730C /* VinceRP.framework */ = {isa = PBXFileReference; explicitFileType = wrapper.framework; includeInIndex = 0; path = VinceRP.framework; sourceTree = BUILT_PRODUCTS_DIR; };
		79F256851ADE77250077730C /* Info.plist */ = {isa = PBXFileReference; lastKnownFileType = text.plist.xml; path = Info.plist; sourceTree = "<group>"; };
		79F256861ADE77250077730C /* VinceRP.h */ = {isa = PBXFileReference; lastKnownFileType = sourcecode.c.h; path = VinceRP.h; sourceTree = "<group>"; };
		79F2568C1ADE77250077730C /* VinceRPTests.xctest */ = {isa = PBXFileReference; explicitFileType = wrapper.cfbundle; includeInIndex = 0; path = VinceRPTests.xctest; sourceTree = BUILT_PRODUCTS_DIR; };
		79F256921ADE77250077730C /* Info.plist */ = {isa = PBXFileReference; lastKnownFileType = text.plist.xml; path = Info.plist; sourceTree = "<group>"; };
		ADEAFA6B6FB7040353334EAB /* UIButton+VinceRP.swift */ = {isa = PBXFileReference; fileEncoding = 4; lastKnownFileType = sourcecode.swift; path = "UIButton+VinceRP.swift"; sourceTree = "<group>"; };
		ADEAFB18FDE6268B224542C9 /* TestUtil.swift */ = {isa = PBXFileReference; fileEncoding = 4; lastKnownFileType = sourcecode.swift; path = TestUtil.swift; sourceTree = "<group>"; };
		ADEAFEC1441FCC8836E9E10D /* UITextField+VinceRP.swift */ = {isa = PBXFileReference; fileEncoding = 4; lastKnownFileType = sourcecode.swift; path = "UITextField+VinceRP.swift"; sourceTree = "<group>"; };
/* End PBXFileReference section */

/* Begin PBXFrameworksBuildPhase section */
		02C4895A1BE35487004FD281 /* Frameworks */ = {
			isa = PBXFrameworksBuildPhase;
			buildActionMask = 2147483647;
			files = (
			);
			runOnlyForDeploymentPostprocessing = 0;
		};
		02C489641BE35488004FD281 /* Frameworks */ = {
			isa = PBXFrameworksBuildPhase;
			buildActionMask = 2147483647;
			files = (
				02C8B38B1BE3F89C00203CF2 /* VinceRP.framework in Frameworks */,
				02C8B3891BE3F81600203CF2 /* Nimble.framework in Frameworks */,
				02C8B38A1BE3F81600203CF2 /* Quick.framework in Frameworks */,
			);
			runOnlyForDeploymentPostprocessing = 0;
		};
		79F2567D1ADE77250077730C /* Frameworks */ = {
			isa = PBXFrameworksBuildPhase;
			buildActionMask = 2147483647;
			files = (
			);
			runOnlyForDeploymentPostprocessing = 0;
		};
		79F256891ADE77250077730C /* Frameworks */ = {
			isa = PBXFrameworksBuildPhase;
			buildActionMask = 2147483647;
			files = (
				79F2568D1ADE77250077730C /* VinceRP.framework in Frameworks */,
				792178441BB6DB890039F457 /* Quick.framework in Frameworks */,
				792178451BB6DB890039F457 /* Nimble.framework in Frameworks */,
			);
			runOnlyForDeploymentPostprocessing = 0;
		};
/* End PBXFrameworksBuildPhase section */

/* Begin PBXGroup section */
		024BC3681BEA4BED009FCBC2 /* AppKit */ = {
			isa = PBXGroup;
			children = (
				791F312E1C0397C2004AA9E2 /* NSResponder+VinceRP.swift */,
				791F31231C039580004AA9E2 /* NSTextField+didChange.swift */,
				791F31241C039580004AA9E2 /* NSTextField+VinceRP.swift */,
				02BA6E691BFB58520077B5BB /* NSView+VinceRP.swift */,
			);
			name = AppKit;
			sourceTree = "<group>";
		};
		791F30A51C039237004AA9E2 /* Common */ = {
			isa = PBXGroup;
			children = (
				791F30A61C03924C004AA9E2 /* Api.swift */,
				791F30B21C039257004AA9E2 /* Convenient */,
				791F30B51C03926B004AA9E2 /* Core */,
				791F30E51C03929F004AA9E2 /* Threading */,
				791F30AA1C03924C004AA9E2 /* Timer.swift */,
				791F30F61C0392B7004AA9E2 /* Util */,
			);
			name = Common;
			sourceTree = "<group>";
		};
		791F30B21C039257004AA9E2 /* Convenient */ = {
			isa = PBXGroup;
			children = (
				791F30B31C039260004AA9E2 /* Addable.swift */,
			);
			name = Convenient;
			sourceTree = "<group>";
		};
		791F30B51C03926B004AA9E2 /* Core */ = {
			isa = PBXGroup;
			children = (
				791F30B61C039273004AA9E2 /* BatchUpdate.swift */,
				791F30B71C039273004AA9E2 /* ChangeObserver.swift */,
				791F30B81C039273004AA9E2 /* Dynamic.swift */,
				791F30B91C039273004AA9E2 /* ErrorObserver.swift */,
				791F30BA1C039273004AA9E2 /* Hub.swift */,
				791F30C01C039273004AA9E2 /* Hub+operators.swift */,
				791F30BB1C039273004AA9E2 /* Mapper.swift */,
				791F30BC1C039273004AA9E2 /* Node.swift */,
				791F30BD1C039273004AA9E2 /* NodeTuple.swift */,
				791F30BE1C039273004AA9E2 /* Propagator.swift */,
				791F30BF1C039273004AA9E2 /* Reducer.swift */,
				791F30C11C039273004AA9E2 /* Source.swift */,
				791F30C31C039273004AA9E2 /* Throttle.swift */,
				791F30C41C039273004AA9E2 /* Wrapper.swift */,
			);
			name = Core;
			sourceTree = "<group>";
		};
		791F30E51C03929F004AA9E2 /* Threading */ = {
			isa = PBXGroup;
			children = (
				791F30E61C0392A7004AA9E2 /* AtomicLong.swift */,
				791F30E71C0392A7004AA9E2 /* AtomicReference.swift */,
				791F30E81C0392A7004AA9E2 /* Dispatchable.swift */,
				791F30E91C0392A7004AA9E2 /* DynamicVariable.swift */,
				791F30EA1C0392A7004AA9E2 /* ThreadLocal.swift */,
				79952B251C0CCCEF00BD7E76 /* Spinlock.swift */,
			);
			name = Threading;
			sourceTree = "<group>";
		};
		791F30F61C0392B7004AA9E2 /* Util */ = {
			isa = PBXGroup;
			children = (
				791F30F71C0392C0004AA9E2 /* Box.swift */,
				791F30F81C0392C0004AA9E2 /* CommonConstants.swift */,
				791F30FA1C0392C0004AA9E2 /* ExceptionHandling.swift */,
				791F30FB1C0392C0004AA9E2 /* Flattenable.swift */,
				791F30FC1C0392C0004AA9E2 /* FunctionalArray.swift */,
				791F30FD1C0392C0004AA9E2 /* FunctionalDictionary.swift */,
				791F30FE1C0392C0004AA9E2 /* FunctionalSet.swift */,
				791F30FF1C0392C0004AA9E2 /* ReactivePropertyGenerator.swift */,
				791F31001C0392C0004AA9E2 /* Try.swift */,
				791F31011C0392C0004AA9E2 /* VRPNSObjectHelper.h */,
				791F31021C0392C0004AA9E2 /* VRPNSObjectHelper.m */,
				791F31031C0392C0004AA9E2 /* WeakReference.swift */,
				791F31041C0392C0004AA9E2 /* WeakSet.swift */,
			);
			name = Util;
			sourceTree = "<group>";
		};
		791F31311C039863004AA9E2 /* Common */ = {
			isa = PBXGroup;
			children = (
				791F31341C039879004AA9E2 /* Foundation */,
				791F31321C039876004AA9E2 /* NSObject+vincerp.swift */,
			);
			name = Common;
			sourceTree = "<group>";
		};
		791F31341C039879004AA9E2 /* Foundation */ = {
			isa = PBXGroup;
			children = (
				791F31351C039885004AA9E2 /* String+vincerp.swift */,
			);
			name = Foundation;
			sourceTree = "<group>";
		};
		79273A441BAE05BC00CEF85C /* Products */ = {
			isa = PBXGroup;
			children = (
				79273DB21BAE05BE00CEF85C /* Box.framework */,
				79273DB41BAE05BE00CEF85C /* Box-MacTests.xctest */,
				79273DB61BAE05BE00CEF85C /* Box.framework */,
				79273DB81BAE05BE00CEF85C /* Box-iOSTests.xctest */,
			);
			name = Products;
			sourceTree = "<group>";
		};
		79273A861BAE05BC00CEF85C /* Products */ = {
			isa = PBXGroup;
			children = (
				79273DDF1BAE05BE00CEF85C /* Nimble.framework */,
				79273DE11BAE05BE00CEF85C /* NimbleTests.xctest */,
				79273DE31BAE05BE00CEF85C /* Nimble.framework */,
				79273DE51BAE05BE00CEF85C /* NimbleTests.xctest */,
			);
			name = Products;
			sourceTree = "<group>";
		};
		79273B121BAE05BC00CEF85C /* Products */ = {
			isa = PBXGroup;
			children = (
				79273DC71BAE05BE00CEF85C /* Nimble.framework */,
				79273DC91BAE05BE00CEF85C /* NimbleTests.xctest */,
				79273DCB1BAE05BE00CEF85C /* Nimble.framework */,
				79273DCD1BAE05BE00CEF85C /* NimbleTests.xctest */,
			);
			name = Products;
			sourceTree = "<group>";
		};
		79273B801BAE05BC00CEF85C /* Products */ = {
			isa = PBXGroup;
			children = (
				79273DED1BAE05BE00CEF85C /* Quick.framework */,
				79273DEF1BAE05BE00CEF85C /* Quick-OSXTests.xctest */,
				79273DF11BAE05BE00CEF85C /* QuickFocused-OSXTests.xctest */,
				79273DF31BAE05BE00CEF85C /* Quick.framework */,
				79273DF51BAE05BE00CEF85C /* Quick-iOSTests.xctest */,
				79273DF71BAE05BE00CEF85C /* QuickFocused-iOSTests.xctest */,
			);
			name = Products;
			sourceTree = "<group>";
		};
		79273BB71BAE05BD00CEF85C /* Products */ = {
			isa = PBXGroup;
			children = (
				79273E261BAE05BE00CEF85C /* Result.framework */,
				79273E281BAE05BE00CEF85C /* Result-MacTests.xctest */,
				79273E2A1BAE05BE00CEF85C /* Result.framework */,
				79273E2C1BAE05BE00CEF85C /* Result-iOSTests.xctest */,
				79273E2E1BAE05BE00CEF85C /* Result.framework */,
				79273E301BAE05BE00CEF85C /* Result-watchOSTests.xctest */,
			);
			name = Products;
			sourceTree = "<group>";
		};
		79273CCA1BAE05BD00CEF85C /* Products */ = {
			isa = PBXGroup;
			children = (
				79273E0C1BAE05BE00CEF85C /* ReactiveCocoa.framework */,
			);
			name = Products;
			sourceTree = "<group>";
		};
		79273D431BAE05BD00CEF85C /* Products */ = {
			isa = PBXGroup;
			children = (
				79273DA61BAE05BE00CEF85C /* Box.framework */,
				79273DA81BAE05BE00CEF85C /* Box-MacTests.xctest */,
				79273DAA1BAE05BE00CEF85C /* Box.framework */,
				79273DAC1BAE05BE00CEF85C /* Box-iOSTests.xctest */,
			);
			name = Products;
			sourceTree = "<group>";
		};
		79273D541BAE05BD00CEF85C /* Products */ = {
			isa = PBXGroup;
			children = (
				79273E141BAE05BE00CEF85C /* Result.framework */,
				79273E161BAE05BE00CEF85C /* Result-MacTests.xctest */,
				79273E181BAE05BE00CEF85C /* Result.framework */,
				79273E1A1BAE05BE00CEF85C /* Result-iOSTests.xctest */,
				79273E1C1BAE05BE00CEF85C /* Result.framework */,
				79273E1E1BAE05BE00CEF85C /* Result-watchOSTests.xctest */,
			);
			name = Products;
			sourceTree = "<group>";
		};
		798A2D1F1C078996000277AA /* Common */ = {
			isa = PBXGroup;
			children = (
				798A2D4A1C078B39000277AA /* AdvancedSpec.swift */,
				798A2D4B1C078B39000277AA /* BasicSpec.swift */,
				798A2D4C1C078B39000277AA /* SmokeSpec.swift */,
				798A2D231C0789BF000277AA /* Convenient */,
				798A2D201C07899E000277AA /* Core */,
				798A2D221C0789B5000277AA /* Threading */,
				798A2D211C0789A4000277AA /* Util */,
			);
			name = Common;
			sourceTree = "<group>";
		};
		798A2D201C07899E000277AA /* Core */ = {
			isa = PBXGroup;
			children = (
				79552EBA1C078C5100EC284B /* Hub+operatorsSpec.swift */,
				79552EBD1C08411B00EC284B /* MapperSpec.swift */,
				79552EC01C086CF400EC284B /* ReducerSpec.swift */,
				79552EC31C08827A00EC284B /* ThrottleSpec.swift */,
			);
			name = Core;
			sourceTree = "<group>";
		};
		798A2D211C0789A4000277AA /* Util */ = {
			isa = PBXGroup;
			children = (
				798A2D321C0789F5000277AA /* BoxTests.swift */,
				798A2D331C0789F5000277AA /* FunctionalArraySpec.swift */,
				798A2D341C0789F5000277AA /* FunctionalDictionarySpec.swift */,
				798A2D351C0789F5000277AA /* FunctionalSetSpec.swift */,
				798A2D361C0789F5000277AA /* TrySpec.swift */,
				798A2D371C0789F5000277AA /* WeakReferenceTests.swift */,
			);
			name = Util;
			sourceTree = "<group>";
		};
		798A2D221C0789B5000277AA /* Threading */ = {
			isa = PBXGroup;
			children = (
				798A2D2C1C0789E4000277AA /* AtomicLongSpec.swift */,
				798A2D2E1C0789E4000277AA /* DynamicVariableSpec.swift */,
			);
			name = Threading;
			sourceTree = "<group>";
		};
		798A2D231C0789BF000277AA /* Convenient */ = {
			isa = PBXGroup;
			children = (
			);
			name = Convenient;
			sourceTree = "<group>";
		};
		79F256771ADE77250077730C = {
			isa = PBXGroup;
			children = (
				79F256831ADE77250077730C /* VinceRP */,
				79F256901ADE77250077730C /* VinceRPTests */,
				8EA5DB600A65270836171DE2 /* Frameworks */,
				79F256821ADE77250077730C /* Products */,
			);
			sourceTree = "<group>";
		};
		79F256821ADE77250077730C /* Products */ = {
			isa = PBXGroup;
			children = (
				79F256811ADE77250077730C /* VinceRP.framework */,
				79F2568C1ADE77250077730C /* VinceRPTests.xctest */,
				02C4895E1BE35487004FD281 /* VinceRP.framework */,
				02C489671BE35488004FD281 /* VinceRPTests.xctest */,
			);
			name = Products;
			sourceTree = "<group>";
		};
		79F256831ADE77250077730C /* VinceRP */ = {
			isa = PBXGroup;
			children = (
				791F30A51C039237004AA9E2 /* Common */,
				ADEAF73F3574E00F07BEF656 /* Extension */,
				79F256841ADE77250077730C /* Supporting Files */,
				79F256861ADE77250077730C /* VinceRP.h */,
			);
			path = VinceRP;
			sourceTree = "<group>";
		};
		79F256841ADE77250077730C /* Supporting Files */ = {
			isa = PBXGroup;
			children = (
				79F256851ADE77250077730C /* Info.plist */,
			);
			name = "Supporting Files";
			sourceTree = "<group>";
		};
		79F256901ADE77250077730C /* VinceRPTests */ = {
			isa = PBXGroup;
			children = (
				798A2D1F1C078996000277AA /* Common */,
				79F256911ADE77250077730C /* Supporting Files */,
				ADEAFB18FDE6268B224542C9 /* TestUtil.swift */,
			);
			path = VinceRPTests;
			sourceTree = "<group>";
		};
		79F256911ADE77250077730C /* Supporting Files */ = {
			isa = PBXGroup;
			children = (
				79F256921ADE77250077730C /* Info.plist */,
			);
			name = "Supporting Files";
			sourceTree = "<group>";
		};
		8EA5DB600A65270836171DE2 /* Frameworks */ = {
			isa = PBXGroup;
			children = (
				791F31211C03947D004AA9E2 /* AppKit.framework */,
				02C8B3831BE3F7FE00203CF2 /* Nimble.framework */,
				02C8B3841BE3F7FE00203CF2 /* Quick.framework */,
				792178421BB6DB890039F457 /* Quick.framework */,
				792178431BB6DB890039F457 /* Nimble.framework */,
			);
			name = Frameworks;
			sourceTree = "<group>";
		};
		ADEAF166AA1D8EC3BCD62741 /* UIKit */ = {
			isa = PBXGroup;
			children = (
				795FF5511BB814D400E19285 /* UIActivityIndicatorView+VinceRP.swift */,
				ADEAFA6B6FB7040353334EAB /* UIButton+VinceRP.swift */,
				795FF5531BB817E900E19285 /* UIControl+VinceRP.swift */,
				797036951BA72B2C00ED5D1A /* UILabel+VinceRP.swift */,
				79CB58361BD122CF00070BEF /* UISearchBar+didChange.swift */,
				79CB58341BD1227E00070BEF /* UISearchBar+VinceRP.swift */,
				797036911BA719B600ED5D1A /* UIStepper+VinceRP.swift */,
				79E6CE171BB6D4CB006E67C6 /* UITextField+didChange.swift */,
				ADEAFEC1441FCC8836E9E10D /* UITextField+VinceRP.swift */,
				795FF5551BB819EF00E19285 /* UIView+VinceRP.swift */,
				02C489DD1BE3CBE6004FD281 /* UIResponder+VinceRP.swift */,
			);
			path = UIKit;
			sourceTree = "<group>";
		};
		ADEAF73F3574E00F07BEF656 /* Extension */ = {
			isa = PBXGroup;
			children = (
				791F31311C039863004AA9E2 /* Common */,
				024BC3681BEA4BED009FCBC2 /* AppKit */,
				ADEAF166AA1D8EC3BCD62741 /* UIKit */,
			);
			path = Extension;
			sourceTree = "<group>";
		};
/* End PBXGroup section */

/* Begin PBXHeadersBuildPhase section */
		02C4895B1BE35487004FD281 /* Headers */ = {
			isa = PBXHeadersBuildPhase;
			buildActionMask = 2147483647;
			files = (
				02C8B3971BE3FD7200203CF2 /* VinceRP.h in Headers */,
				791F311D1C0392CB004AA9E2 /* VRPNSObjectHelper.h in Headers */,
			);
			runOnlyForDeploymentPostprocessing = 0;
		};
		79F2567E1ADE77250077730C /* Headers */ = {
			isa = PBXHeadersBuildPhase;
			buildActionMask = 2147483647;
			files = (
				02C8B3961BE3FD6C00203CF2 /* VinceRP.h in Headers */,
				791F310F1C0392C0004AA9E2 /* VRPNSObjectHelper.h in Headers */,
			);
			runOnlyForDeploymentPostprocessing = 0;
		};
/* End PBXHeadersBuildPhase section */

/* Begin PBXNativeTarget section */
		02C4895D1BE35487004FD281 /* VinceRP-Mac */ = {
			isa = PBXNativeTarget;
			buildConfigurationList = 02C489731BE35488004FD281 /* Build configuration list for PBXNativeTarget "VinceRP-Mac" */;
			buildPhases = (
				02C489591BE35487004FD281 /* Sources */,
				02C4895A1BE35487004FD281 /* Frameworks */,
				02C4895B1BE35487004FD281 /* Headers */,
				02C4895C1BE35487004FD281 /* Resources */,
			);
			buildRules = (
			);
			dependencies = (
			);
			name = "VinceRP-Mac";
			productName = "VinceRP-Mac";
			productReference = 02C4895E1BE35487004FD281 /* VinceRP.framework */;
			productType = "com.apple.product-type.framework";
		};
		02C489661BE35488004FD281 /* VinceRP-MacTests */ = {
			isa = PBXNativeTarget;
			buildConfigurationList = 02C489741BE35488004FD281 /* Build configuration list for PBXNativeTarget "VinceRP-MacTests" */;
			buildPhases = (
				02C489631BE35488004FD281 /* Sources */,
				02C489641BE35488004FD281 /* Frameworks */,
				02C489651BE35488004FD281 /* Resources */,
				02C8B37C1BE3F5DA00203CF2 /* Copy Carthage frameworks */,
			);
			buildRules = (
			);
			dependencies = (
				02C8B38D1BE3F8AC00203CF2 /* PBXTargetDependency */,
			);
			name = "VinceRP-MacTests";
			productName = "VinceRP-MacTests";
			productReference = 02C489671BE35488004FD281 /* VinceRPTests.xctest */;
			productType = "com.apple.product-type.bundle.unit-test";
		};
		79F256801ADE77250077730C /* VinceRP */ = {
			isa = PBXNativeTarget;
			buildConfigurationList = 79F256971ADE77250077730C /* Build configuration list for PBXNativeTarget "VinceRP" */;
			buildPhases = (
				79F2567C1ADE77250077730C /* Sources */,
				79F2567D1ADE77250077730C /* Frameworks */,
				79F2567E1ADE77250077730C /* Headers */,
				79F2567F1ADE77250077730C /* Resources */,
			);
			buildRules = (
			);
			dependencies = (
			);
			name = VinceRP;
			productName = VinceRP;
			productReference = 79F256811ADE77250077730C /* VinceRP.framework */;
			productType = "com.apple.product-type.framework";
		};
		79F2568B1ADE77250077730C /* VinceRPTests */ = {
			isa = PBXNativeTarget;
			buildConfigurationList = 79F2569A1ADE77250077730C /* Build configuration list for PBXNativeTarget "VinceRPTests" */;
			buildPhases = (
				79F256881ADE77250077730C /* Sources */,
				79F256891ADE77250077730C /* Frameworks */,
				795FF52F1BB6DD6100E19285 /* Copy Carthage frameworks */,
			);
			buildRules = (
			);
			dependencies = (
				79F2568F1ADE77250077730C /* PBXTargetDependency */,
			);
			name = VinceRPTests;
			productName = VinceRPTests;
			productReference = 79F2568C1ADE77250077730C /* VinceRPTests.xctest */;
			productType = "com.apple.product-type.bundle.unit-test";
		};
/* End PBXNativeTarget section */

/* Begin PBXProject section */
		79F256781ADE77250077730C /* Project object */ = {
			isa = PBXProject;
			attributes = {
				LastSwiftUpdateCheck = 0710;
				LastUpgradeCheck = 0700;
				ORGANIZATIONNAME = "Viktor Belenyesi";
				TargetAttributes = {
					02C4895D1BE35487004FD281 = {
						CreatedOnToolsVersion = 7.1;
					};
					02C489661BE35488004FD281 = {
						CreatedOnToolsVersion = 7.1;
					};
					79F256801ADE77250077730C = {
						CreatedOnToolsVersion = 6.3;
					};
					79F2568B1ADE77250077730C = {
						CreatedOnToolsVersion = 6.3;
					};
				};
			};
			buildConfigurationList = 79F2567B1ADE77250077730C /* Build configuration list for PBXProject "VinceRP" */;
			compatibilityVersion = "Xcode 3.2";
			developmentRegion = English;
			hasScannedForEncodings = 0;
			knownRegions = (
				en,
				Base,
			);
			mainGroup = 79F256771ADE77250077730C;
			productRefGroup = 79F256821ADE77250077730C /* Products */;
			projectDirPath = "";
			projectReferences = (
				{
					ProductGroup = 79273D431BAE05BD00CEF85C /* Products */;
					ProjectRef = 79273D421BAE05BD00CEF85C /* Box.xcodeproj */;
				},
				{
					ProductGroup = 79273A441BAE05BC00CEF85C /* Products */;
					ProjectRef = 79273A431BAE05BC00CEF85C /* Box.xcodeproj */;
				},
				{
					ProductGroup = 79273B121BAE05BC00CEF85C /* Products */;
					ProjectRef = 79273B111BAE05BC00CEF85C /* Nimble.xcodeproj */;
				},
				{
					ProductGroup = 79273A861BAE05BC00CEF85C /* Products */;
					ProjectRef = 79273A851BAE05BC00CEF85C /* Nimble.xcodeproj */;
				},
				{
					ProductGroup = 79273B801BAE05BC00CEF85C /* Products */;
					ProjectRef = 79273B7F1BAE05BC00CEF85C /* Quick.xcodeproj */;
				},
				{
					ProductGroup = 79273CCA1BAE05BD00CEF85C /* Products */;
					ProjectRef = 79273CC91BAE05BD00CEF85C /* ReactiveCocoa.xcodeproj */;
				},
				{
					ProductGroup = 79273D541BAE05BD00CEF85C /* Products */;
					ProjectRef = 79273D531BAE05BD00CEF85C /* Result.xcodeproj */;
				},
				{
					ProductGroup = 79273BB71BAE05BD00CEF85C /* Products */;
					ProjectRef = 79273BB61BAE05BD00CEF85C /* Result.xcodeproj */;
				},
			);
			projectRoot = "";
			targets = (
				79F256801ADE77250077730C /* VinceRP */,
				79F2568B1ADE77250077730C /* VinceRPTests */,
				02C4895D1BE35487004FD281 /* VinceRP-Mac */,
				02C489661BE35488004FD281 /* VinceRP-MacTests */,
			);
		};
/* End PBXProject section */

/* Begin PBXReferenceProxy section */
		79273DA61BAE05BE00CEF85C /* Box.framework */ = {
			isa = PBXReferenceProxy;
			fileType = wrapper.framework;
			path = Box.framework;
			sourceTree = BUILT_PRODUCTS_DIR;
		};
		79273DA81BAE05BE00CEF85C /* Box-MacTests.xctest */ = {
			isa = PBXReferenceProxy;
			fileType = wrapper.cfbundle;
			path = "Box-MacTests.xctest";
			sourceTree = BUILT_PRODUCTS_DIR;
		};
		79273DAA1BAE05BE00CEF85C /* Box.framework */ = {
			isa = PBXReferenceProxy;
			fileType = wrapper.framework;
			path = Box.framework;
			sourceTree = BUILT_PRODUCTS_DIR;
		};
		79273DAC1BAE05BE00CEF85C /* Box-iOSTests.xctest */ = {
			isa = PBXReferenceProxy;
			fileType = wrapper.cfbundle;
			path = "Box-iOSTests.xctest";
			sourceTree = BUILT_PRODUCTS_DIR;
		};
		79273DB21BAE05BE00CEF85C /* Box.framework */ = {
			isa = PBXReferenceProxy;
			fileType = wrapper.framework;
			path = Box.framework;
			sourceTree = BUILT_PRODUCTS_DIR;
		};
		79273DB41BAE05BE00CEF85C /* Box-MacTests.xctest */ = {
			isa = PBXReferenceProxy;
			fileType = wrapper.cfbundle;
			path = "Box-MacTests.xctest";
			sourceTree = BUILT_PRODUCTS_DIR;
		};
		79273DB61BAE05BE00CEF85C /* Box.framework */ = {
			isa = PBXReferenceProxy;
			fileType = wrapper.framework;
			path = Box.framework;
			sourceTree = BUILT_PRODUCTS_DIR;
		};
		79273DB81BAE05BE00CEF85C /* Box-iOSTests.xctest */ = {
			isa = PBXReferenceProxy;
			fileType = wrapper.cfbundle;
			path = "Box-iOSTests.xctest";
			sourceTree = BUILT_PRODUCTS_DIR;
		};
		79273DC71BAE05BE00CEF85C /* Nimble.framework */ = {
			isa = PBXReferenceProxy;
			fileType = wrapper.framework;
			path = Nimble.framework;
			sourceTree = BUILT_PRODUCTS_DIR;
		};
		79273DC91BAE05BE00CEF85C /* NimbleTests.xctest */ = {
			isa = PBXReferenceProxy;
			fileType = wrapper.cfbundle;
			path = NimbleTests.xctest;
			sourceTree = BUILT_PRODUCTS_DIR;
		};
		79273DCB1BAE05BE00CEF85C /* Nimble.framework */ = {
			isa = PBXReferenceProxy;
			fileType = wrapper.framework;
			path = Nimble.framework;
			sourceTree = BUILT_PRODUCTS_DIR;
		};
		79273DCD1BAE05BE00CEF85C /* NimbleTests.xctest */ = {
			isa = PBXReferenceProxy;
			fileType = wrapper.cfbundle;
			path = NimbleTests.xctest;
			sourceTree = BUILT_PRODUCTS_DIR;
		};
		79273DDF1BAE05BE00CEF85C /* Nimble.framework */ = {
			isa = PBXReferenceProxy;
			fileType = wrapper.framework;
			path = Nimble.framework;
			sourceTree = BUILT_PRODUCTS_DIR;
		};
		79273DE11BAE05BE00CEF85C /* NimbleTests.xctest */ = {
			isa = PBXReferenceProxy;
			fileType = wrapper.cfbundle;
			path = NimbleTests.xctest;
			sourceTree = BUILT_PRODUCTS_DIR;
		};
		79273DE31BAE05BE00CEF85C /* Nimble.framework */ = {
			isa = PBXReferenceProxy;
			fileType = wrapper.framework;
			path = Nimble.framework;
			sourceTree = BUILT_PRODUCTS_DIR;
		};
		79273DE51BAE05BE00CEF85C /* NimbleTests.xctest */ = {
			isa = PBXReferenceProxy;
			fileType = wrapper.cfbundle;
			path = NimbleTests.xctest;
			sourceTree = BUILT_PRODUCTS_DIR;
		};
		79273DED1BAE05BE00CEF85C /* Quick.framework */ = {
			isa = PBXReferenceProxy;
			fileType = wrapper.framework;
			path = Quick.framework;
			sourceTree = BUILT_PRODUCTS_DIR;
		};
		79273DEF1BAE05BE00CEF85C /* Quick-OSXTests.xctest */ = {
			isa = PBXReferenceProxy;
			fileType = wrapper.cfbundle;
			path = "Quick-OSXTests.xctest";
			sourceTree = BUILT_PRODUCTS_DIR;
		};
		79273DF11BAE05BE00CEF85C /* QuickFocused-OSXTests.xctest */ = {
			isa = PBXReferenceProxy;
			fileType = wrapper.cfbundle;
			path = "QuickFocused-OSXTests.xctest";
			sourceTree = BUILT_PRODUCTS_DIR;
		};
		79273DF31BAE05BE00CEF85C /* Quick.framework */ = {
			isa = PBXReferenceProxy;
			fileType = wrapper.framework;
			path = Quick.framework;
			sourceTree = BUILT_PRODUCTS_DIR;
		};
		79273DF51BAE05BE00CEF85C /* Quick-iOSTests.xctest */ = {
			isa = PBXReferenceProxy;
			fileType = wrapper.cfbundle;
			path = "Quick-iOSTests.xctest";
			sourceTree = BUILT_PRODUCTS_DIR;
		};
		79273DF71BAE05BE00CEF85C /* QuickFocused-iOSTests.xctest */ = {
			isa = PBXReferenceProxy;
			fileType = wrapper.cfbundle;
			path = "QuickFocused-iOSTests.xctest";
			sourceTree = BUILT_PRODUCTS_DIR;
		};
		79273E0C1BAE05BE00CEF85C /* ReactiveCocoa.framework */ = {
			isa = PBXReferenceProxy;
			fileType = wrapper.framework;
			path = ReactiveCocoa.framework;
			sourceTree = BUILT_PRODUCTS_DIR;
		};
		79273E141BAE05BE00CEF85C /* Result.framework */ = {
			isa = PBXReferenceProxy;
			fileType = wrapper.framework;
			path = Result.framework;
			sourceTree = BUILT_PRODUCTS_DIR;
		};
		79273E161BAE05BE00CEF85C /* Result-MacTests.xctest */ = {
			isa = PBXReferenceProxy;
			fileType = wrapper.cfbundle;
			path = "Result-MacTests.xctest";
			sourceTree = BUILT_PRODUCTS_DIR;
		};
		79273E181BAE05BE00CEF85C /* Result.framework */ = {
			isa = PBXReferenceProxy;
			fileType = wrapper.framework;
			path = Result.framework;
			sourceTree = BUILT_PRODUCTS_DIR;
		};
		79273E1A1BAE05BE00CEF85C /* Result-iOSTests.xctest */ = {
			isa = PBXReferenceProxy;
			fileType = wrapper.cfbundle;
			path = "Result-iOSTests.xctest";
			sourceTree = BUILT_PRODUCTS_DIR;
		};
		79273E1C1BAE05BE00CEF85C /* Result.framework */ = {
			isa = PBXReferenceProxy;
			fileType = wrapper.framework;
			path = Result.framework;
			sourceTree = BUILT_PRODUCTS_DIR;
		};
		79273E1E1BAE05BE00CEF85C /* Result-watchOSTests.xctest */ = {
			isa = PBXReferenceProxy;
			fileType = wrapper.cfbundle;
			path = "Result-watchOSTests.xctest";
			sourceTree = BUILT_PRODUCTS_DIR;
		};
		79273E261BAE05BE00CEF85C /* Result.framework */ = {
			isa = PBXReferenceProxy;
			fileType = wrapper.framework;
			path = Result.framework;
			sourceTree = BUILT_PRODUCTS_DIR;
		};
		79273E281BAE05BE00CEF85C /* Result-MacTests.xctest */ = {
			isa = PBXReferenceProxy;
			fileType = wrapper.cfbundle;
			path = "Result-MacTests.xctest";
			sourceTree = BUILT_PRODUCTS_DIR;
		};
		79273E2A1BAE05BE00CEF85C /* Result.framework */ = {
			isa = PBXReferenceProxy;
			fileType = wrapper.framework;
			path = Result.framework;
			sourceTree = BUILT_PRODUCTS_DIR;
		};
		79273E2C1BAE05BE00CEF85C /* Result-iOSTests.xctest */ = {
			isa = PBXReferenceProxy;
			fileType = wrapper.cfbundle;
			path = "Result-iOSTests.xctest";
			sourceTree = BUILT_PRODUCTS_DIR;
		};
		79273E2E1BAE05BE00CEF85C /* Result.framework */ = {
			isa = PBXReferenceProxy;
			fileType = wrapper.framework;
			path = Result.framework;
			sourceTree = BUILT_PRODUCTS_DIR;
		};
		79273E301BAE05BE00CEF85C /* Result-watchOSTests.xctest */ = {
			isa = PBXReferenceProxy;
			fileType = wrapper.cfbundle;
			path = "Result-watchOSTests.xctest";
			sourceTree = BUILT_PRODUCTS_DIR;
		};
/* End PBXReferenceProxy section */

/* Begin PBXResourcesBuildPhase section */
		02C4895C1BE35487004FD281 /* Resources */ = {
			isa = PBXResourcesBuildPhase;
			buildActionMask = 2147483647;
			files = (
			);
			runOnlyForDeploymentPostprocessing = 0;
		};
		02C489651BE35488004FD281 /* Resources */ = {
			isa = PBXResourcesBuildPhase;
			buildActionMask = 2147483647;
			files = (
			);
			runOnlyForDeploymentPostprocessing = 0;
		};
		79F2567F1ADE77250077730C /* Resources */ = {
			isa = PBXResourcesBuildPhase;
			buildActionMask = 2147483647;
			files = (
			);
			runOnlyForDeploymentPostprocessing = 0;
		};
/* End PBXResourcesBuildPhase section */

/* Begin PBXSourcesBuildPhase section */
		02C489591BE35487004FD281 /* Sources */ = {
			isa = PBXSourcesBuildPhase;
			buildActionMask = 2147483647;
			files = (
				791F31281C0395B4004AA9E2 /* NSTextField+didChange.swift in Sources */,
				791F30D51C039281004AA9E2 /* Addable.swift in Sources */,
				02C8B38E1BE3F9A600203CF2 /* TestUtil.swift in Sources */,
				79952B271C0CCCEF00BD7E76 /* Spinlock.swift in Sources */,
				791F30F51C0392B1004AA9E2 /* Timer.swift in Sources */,
				791F31301C0397C7004AA9E2 /* NSResponder+VinceRP.swift in Sources */,
				791F30D61C039286004AA9E2 /* BatchUpdate.swift in Sources */,
				791F30DF1C039286004AA9E2 /* Reducer.swift in Sources */,
				791F31171C0392CB004AA9E2 /* Flattenable.swift in Sources */,
				791F30DB1C039286004AA9E2 /* Mapper.swift in Sources */,
				791F30F31C0392AC004AA9E2 /* DynamicVariable.swift in Sources */,
				791F31181C0392CB004AA9E2 /* FunctionalArray.swift in Sources */,
				791F311A1C0392CB004AA9E2 /* FunctionalSet.swift in Sources */,
				791F30E31C039286004AA9E2 /* Throttle.swift in Sources */,
				02BA6E6B1BFB58520077B5BB /* NSView+VinceRP.swift in Sources */,
				791F31131C0392CB004AA9E2 /* Box.swift in Sources */,
				791F31371C0398B6004AA9E2 /* String+vincerp.swift in Sources */,
				791F30DA1C039286004AA9E2 /* Hub.swift in Sources */,
				791F311E1C0392CB004AA9E2 /* VRPNSObjectHelper.m in Sources */,
				791F31201C0392CB004AA9E2 /* WeakSet.swift in Sources */,
				791F311B1C0392CB004AA9E2 /* ReactivePropertyGenerator.swift in Sources */,
				791F31191C0392CB004AA9E2 /* FunctionalDictionary.swift in Sources */,
				791F30F11C0392AC004AA9E2 /* AtomicReference.swift in Sources */,
				791F30F01C0392AC004AA9E2 /* AtomicLong.swift in Sources */,
				791F30D41C03927E004AA9E2 /* Api.swift in Sources */,
				791F30DC1C039286004AA9E2 /* Node.swift in Sources */,
				791F30D81C039286004AA9E2 /* Dynamic.swift in Sources */,
				791F30D91C039286004AA9E2 /* ErrorObserver.swift in Sources */,
				791F311C1C0392CB004AA9E2 /* Try.swift in Sources */,
				791F31161C0392CB004AA9E2 /* ExceptionHandling.swift in Sources */,
				791F31141C0392CB004AA9E2 /* CommonConstants.swift in Sources */,
				791F30E41C039286004AA9E2 /* Wrapper.swift in Sources */,
				791F30F21C0392AC004AA9E2 /* Dispatchable.swift in Sources */,
				791F30DD1C039286004AA9E2 /* NodeTuple.swift in Sources */,
				791F30E11C039286004AA9E2 /* Source.swift in Sources */,
				791F30E01C039286004AA9E2 /* Hub+operators.swift in Sources */,
				791F31381C0398B9004AA9E2 /* NSObject+vincerp.swift in Sources */,
				791F312D1C039612004AA9E2 /* NSTextField+VinceRP.swift in Sources */,
				791F311F1C0392CB004AA9E2 /* WeakReference.swift in Sources */,
				791F30DE1C039286004AA9E2 /* Propagator.swift in Sources */,
				791F30D71C039286004AA9E2 /* ChangeObserver.swift in Sources */,
				791F30F41C0392AC004AA9E2 /* ThreadLocal.swift in Sources */,
			);
			runOnlyForDeploymentPostprocessing = 0;
		};
		02C489631BE35488004FD281 /* Sources */ = {
			isa = PBXSourcesBuildPhase;
			buildActionMask = 2147483647;
			files = (
				798A2D451C078A86000277AA /* FunctionalArraySpec.swift in Sources */,
				798A2D461C078A86000277AA /* FunctionalDictionarySpec.swift in Sources */,
				798A2D431C078A81000277AA /* DynamicVariableSpec.swift in Sources */,
				798A2D521C078B45000277AA /* SmokeSpec.swift in Sources */,
				79552EBF1C08411E00EC284B /* MapperSpec.swift in Sources */,
				798A2D501C078B40000277AA /* AdvancedSpec.swift in Sources */,
				798A2D511C078B43000277AA /* BasicSpec.swift in Sources */,
				79552EBC1C078CCB00EC284B /* Hub+operatorsSpec.swift in Sources */,
				798A2D441C078A86000277AA /* BoxTests.swift in Sources */,
				79552EC21C086CF400EC284B /* ReducerSpec.swift in Sources */,
				798A2D481C078A86000277AA /* TrySpec.swift in Sources */,
				798A2D491C078A86000277AA /* WeakReferenceTests.swift in Sources */,
				798A2D471C078A86000277AA /* FunctionalSetSpec.swift in Sources */,
				79552EC51C08827A00EC284B /* ThrottleSpec.swift in Sources */,
				798A2D411C078A81000277AA /* AtomicLongSpec.swift in Sources */,
			);
			runOnlyForDeploymentPostprocessing = 0;
		};
		79F2567C1ADE77250077730C /* Sources */ = {
			isa = PBXSourcesBuildPhase;
			buildActionMask = 2147483647;
			files = (
				791F30CD1C039273004AA9E2 /* Propagator.swift in Sources */,
				797036961BA72B2C00ED5D1A /* UILabel+VinceRP.swift in Sources */,
				791F310B1C0392C0004AA9E2 /* FunctionalDictionary.swift in Sources */,
				791F30C81C039273004AA9E2 /* ErrorObserver.swift in Sources */,
				791F30ED1C0392A7004AA9E2 /* Dispatchable.swift in Sources */,
				791F30C71C039273004AA9E2 /* Dynamic.swift in Sources */,
				791F30CC1C039273004AA9E2 /* NodeTuple.swift in Sources */,
				791F30CB1C039273004AA9E2 /* Node.swift in Sources */,
				791F31331C039876004AA9E2 /* NSObject+vincerp.swift in Sources */,
				79CB58371BD122CF00070BEF /* UISearchBar+didChange.swift in Sources */,
				79E6CE181BB6D4CB006E67C6 /* UITextField+didChange.swift in Sources */,
				791F30AC1C03924C004AA9E2 /* Api.swift in Sources */,
				791F30D31C039273004AA9E2 /* Wrapper.swift in Sources */,
				795FF5561BB819EF00E19285 /* UIView+VinceRP.swift in Sources */,
				791F30C51C039273004AA9E2 /* BatchUpdate.swift in Sources */,
				791F31061C0392C0004AA9E2 /* CommonConstants.swift in Sources */,
				791F30EF1C0392A7004AA9E2 /* ThreadLocal.swift in Sources */,
				791F30B41C039260004AA9E2 /* Addable.swift in Sources */,
				79952B261C0CCCEF00BD7E76 /* Spinlock.swift in Sources */,
				791F30D21C039273004AA9E2 /* Throttle.swift in Sources */,
				02C489DE1BE3CBE6004FD281 /* UIResponder+VinceRP.swift in Sources */,
				795FF5521BB814D400E19285 /* UIActivityIndicatorView+VinceRP.swift in Sources */,
				791F31091C0392C0004AA9E2 /* Flattenable.swift in Sources */,
				791F30CE1C039273004AA9E2 /* Reducer.swift in Sources */,
				791F310D1C0392C0004AA9E2 /* ReactivePropertyGenerator.swift in Sources */,
				791F310E1C0392C0004AA9E2 /* Try.swift in Sources */,
				791F30B01C03924C004AA9E2 /* Timer.swift in Sources */,
				791F31121C0392C0004AA9E2 /* WeakSet.swift in Sources */,
				791F30D01C039273004AA9E2 /* Source.swift in Sources */,
				791F31051C0392C0004AA9E2 /* Box.swift in Sources */,
				791F31361C039885004AA9E2 /* String+vincerp.swift in Sources */,
				797036921BA719B600ED5D1A /* UIStepper+VinceRP.swift in Sources */,
				ADEAFB62FB15F2199D9E89C1 /* TestUtil.swift in Sources */,
				791F31101C0392C0004AA9E2 /* VRPNSObjectHelper.m in Sources */,
				791F310C1C0392C0004AA9E2 /* FunctionalSet.swift in Sources */,
				791F31081C0392C0004AA9E2 /* ExceptionHandling.swift in Sources */,
				ADEAF1F23443C1A82FB7EBDA /* UIButton+VinceRP.swift in Sources */,
				791F30EE1C0392A7004AA9E2 /* DynamicVariable.swift in Sources */,
				791F30C91C039273004AA9E2 /* Hub.swift in Sources */,
				795FF5541BB817E900E19285 /* UIControl+VinceRP.swift in Sources */,
				791F31111C0392C0004AA9E2 /* WeakReference.swift in Sources */,
				791F30CF1C039273004AA9E2 /* Hub+operators.swift in Sources */,
				791F30CA1C039273004AA9E2 /* Mapper.swift in Sources */,
				791F30C61C039273004AA9E2 /* ChangeObserver.swift in Sources */,
				791F30EB1C0392A7004AA9E2 /* AtomicLong.swift in Sources */,
				791F30EC1C0392A7004AA9E2 /* AtomicReference.swift in Sources */,
				ADEAF8C21D91DB39C2B410D1 /* UITextField+VinceRP.swift in Sources */,
				79CB58351BD1227E00070BEF /* UISearchBar+VinceRP.swift in Sources */,
				791F310A1C0392C0004AA9E2 /* FunctionalArray.swift in Sources */,
			);
			runOnlyForDeploymentPostprocessing = 0;
		};
		79F256881ADE77250077730C /* Sources */ = {
			isa = PBXSourcesBuildPhase;
			buildActionMask = 2147483647;
			files = (
				798A2D391C0789F5000277AA /* FunctionalArraySpec.swift in Sources */,
				798A2D3A1C0789F5000277AA /* FunctionalDictionarySpec.swift in Sources */,
				798A2D311C0789E4000277AA /* DynamicVariableSpec.swift in Sources */,
				798A2D4F1C078B39000277AA /* SmokeSpec.swift in Sources */,
				79552EBE1C08411B00EC284B /* MapperSpec.swift in Sources */,
				798A2D4D1C078B39000277AA /* AdvancedSpec.swift in Sources */,
				798A2D4E1C078B39000277AA /* BasicSpec.swift in Sources */,
				79552EBB1C078C5100EC284B /* Hub+operatorsSpec.swift in Sources */,
				798A2D381C0789F5000277AA /* BoxTests.swift in Sources */,
				79552EC11C086CF400EC284B /* ReducerSpec.swift in Sources */,
				798A2D3C1C0789F5000277AA /* TrySpec.swift in Sources */,
				798A2D3D1C0789F5000277AA /* WeakReferenceTests.swift in Sources */,
				798A2D3B1C0789F5000277AA /* FunctionalSetSpec.swift in Sources */,
				79552EC41C08827A00EC284B /* ThrottleSpec.swift in Sources */,
				798A2D2F1C0789E4000277AA /* AtomicLongSpec.swift in Sources */,
			);
			runOnlyForDeploymentPostprocessing = 0;
		};
/* End PBXSourcesBuildPhase section */

/* Begin PBXTargetDependency section */
		02C8B38D1BE3F8AC00203CF2 /* PBXTargetDependency */ = {
			isa = PBXTargetDependency;
			target = 02C4895D1BE35487004FD281 /* VinceRP-Mac */;
			targetProxy = 02C8B38C1BE3F8AC00203CF2 /* PBXContainerItemProxy */;
		};
		79F2568F1ADE77250077730C /* PBXTargetDependency */ = {
			isa = PBXTargetDependency;
			target = 79F256801ADE77250077730C /* VinceRP */;
			targetProxy = 792178211BB6D8010039F457 /* PBXContainerItemProxy */;
		};
/* End PBXTargetDependency section */

/* Begin XCBuildConfiguration section */
		02C4896F1BE35488004FD281 /* Debug */ = {
			isa = XCBuildConfiguration;
			buildSettings = {
				COMBINE_HIDPI_IMAGES = YES;
				DEBUG_INFORMATION_FORMAT = dwarf;
				DEFINES_MODULE = YES;
				DYLIB_COMPATIBILITY_VERSION = 1;
				DYLIB_CURRENT_VERSION = 1;
				DYLIB_INSTALL_NAME_BASE = "@rpath";
				FRAMEWORK_SEARCH_PATHS = "$(inherited)";
				FRAMEWORK_VERSION = A;
				INFOPLIST_FILE = VinceRP/Info.plist;
				INSTALL_PATH = "$(LOCAL_LIBRARY_DIR)/Frameworks";
				LD_RUNPATH_SEARCH_PATHS = "$(inherited) @executable_path/../Frameworks @loader_path/Frameworks";
				MACOSX_DEPLOYMENT_TARGET = 10.10;
				PRODUCT_BUNDLE_IDENTIFIER = com.bvic23.VinceRP;
				PRODUCT_NAME = VinceRP;
				SDKROOT = macosx;
				SKIP_INSTALL = YES;
			};
			name = Debug;
		};
		02C489701BE35488004FD281 /* Release */ = {
			isa = XCBuildConfiguration;
			buildSettings = {
				COMBINE_HIDPI_IMAGES = YES;
				DEFINES_MODULE = YES;
				DYLIB_COMPATIBILITY_VERSION = 1;
				DYLIB_CURRENT_VERSION = 1;
				DYLIB_INSTALL_NAME_BASE = "@rpath";
				FRAMEWORK_SEARCH_PATHS = "$(inherited)";
				FRAMEWORK_VERSION = A;
				INFOPLIST_FILE = VinceRP/Info.plist;
				INSTALL_PATH = "$(LOCAL_LIBRARY_DIR)/Frameworks";
				LD_RUNPATH_SEARCH_PATHS = "$(inherited) @executable_path/../Frameworks @loader_path/Frameworks";
				MACOSX_DEPLOYMENT_TARGET = 10.10;
				PRODUCT_BUNDLE_IDENTIFIER = com.bvic23.VinceRP;
				PRODUCT_NAME = VinceRP;
				SDKROOT = macosx;
				SKIP_INSTALL = YES;
			};
			name = Release;
		};
		02C489711BE35488004FD281 /* Debug */ = {
			isa = XCBuildConfiguration;
			buildSettings = {
				COMBINE_HIDPI_IMAGES = YES;
				DEBUG_INFORMATION_FORMAT = dwarf;
				FRAMEWORK_SEARCH_PATHS = (
					"$(inherited)",
					"$(PROJECT_DIR)/Carthage/Build/Mac",
				);
				INFOPLIST_FILE = VinceRPTests/Info.plist;
				LD_RUNPATH_SEARCH_PATHS = "$(inherited) @executable_path/../Frameworks @loader_path/../Frameworks";
				PRODUCT_BUNDLE_IDENTIFIER = "com.bvic23.VinceRP-MacTests";
				PRODUCT_NAME = VinceRPTests;
				SDKROOT = macosx;
			};
			name = Debug;
		};
		02C489721BE35488004FD281 /* Release */ = {
			isa = XCBuildConfiguration;
			buildSettings = {
				COMBINE_HIDPI_IMAGES = YES;
				FRAMEWORK_SEARCH_PATHS = (
					"$(inherited)",
					"$(PROJECT_DIR)/Carthage/Build/Mac",
				);
				INFOPLIST_FILE = VinceRPTests/Info.plist;
				LD_RUNPATH_SEARCH_PATHS = "$(inherited) @executable_path/../Frameworks @loader_path/../Frameworks";
				PRODUCT_BUNDLE_IDENTIFIER = "com.bvic23.VinceRP-MacTests";
				PRODUCT_NAME = VinceRPTests;
				SDKROOT = macosx;
			};
			name = Release;
		};
		79F256951ADE77250077730C /* Debug */ = {
			isa = XCBuildConfiguration;
			buildSettings = {
				ALWAYS_SEARCH_USER_PATHS = NO;
				CLANG_CXX_LANGUAGE_STANDARD = "gnu++0x";
				CLANG_CXX_LIBRARY = "libc++";
				CLANG_ENABLE_MODULES = YES;
				CLANG_ENABLE_OBJC_ARC = YES;
				CLANG_WARN_BOOL_CONVERSION = YES;
				CLANG_WARN_CONSTANT_CONVERSION = YES;
				CLANG_WARN_DIRECT_OBJC_ISA_USAGE = YES_ERROR;
				CLANG_WARN_EMPTY_BODY = YES;
				CLANG_WARN_ENUM_CONVERSION = YES;
				CLANG_WARN_INT_CONVERSION = YES;
				CLANG_WARN_OBJC_ROOT_CLASS = YES_ERROR;
				CLANG_WARN_UNREACHABLE_CODE = YES;
				CLANG_WARN__DUPLICATE_METHOD_MATCH = YES;
				COPY_PHASE_STRIP = NO;
				CURRENT_PROJECT_VERSION = 1;
				DEBUG_INFORMATION_FORMAT = "dwarf-with-dsym";
				ENABLE_STRICT_OBJC_MSGSEND = YES;
				ENABLE_TESTABILITY = YES;
				GCC_C_LANGUAGE_STANDARD = gnu99;
				GCC_DYNAMIC_NO_PIC = NO;
				GCC_NO_COMMON_BLOCKS = YES;
				GCC_OPTIMIZATION_LEVEL = 0;
				GCC_PREPROCESSOR_DEFINITIONS = (
					"DEBUG=1",
					"$(inherited)",
				);
				GCC_SYMBOLS_PRIVATE_EXTERN = NO;
				GCC_WARN_64_TO_32_BIT_CONVERSION = YES;
				GCC_WARN_ABOUT_RETURN_TYPE = YES_ERROR;
				GCC_WARN_UNDECLARED_SELECTOR = YES;
				GCC_WARN_UNINITIALIZED_AUTOS = YES_AGGRESSIVE;
				GCC_WARN_UNUSED_FUNCTION = YES;
				GCC_WARN_UNUSED_VARIABLE = YES;
				IPHONEOS_DEPLOYMENT_TARGET = 8.3;
				MACOSX_DEPLOYMENT_TARGET = 10.11;
				MTL_ENABLE_DEBUG_INFO = YES;
				ONLY_ACTIVE_ARCH = YES;
				SDKROOT = iphoneos;
				SWIFT_OPTIMIZATION_LEVEL = "-Onone";
				TARGETED_DEVICE_FAMILY = "1,2";
				VERSIONING_SYSTEM = "apple-generic";
				VERSION_INFO_PREFIX = "";
			};
			name = Debug;
		};
		79F256961ADE77250077730C /* Release */ = {
			isa = XCBuildConfiguration;
			buildSettings = {
				ALWAYS_SEARCH_USER_PATHS = NO;
				CLANG_CXX_LANGUAGE_STANDARD = "gnu++0x";
				CLANG_CXX_LIBRARY = "libc++";
				CLANG_ENABLE_MODULES = YES;
				CLANG_ENABLE_OBJC_ARC = YES;
				CLANG_WARN_BOOL_CONVERSION = YES;
				CLANG_WARN_CONSTANT_CONVERSION = YES;
				CLANG_WARN_DIRECT_OBJC_ISA_USAGE = YES_ERROR;
				CLANG_WARN_EMPTY_BODY = YES;
				CLANG_WARN_ENUM_CONVERSION = YES;
				CLANG_WARN_INT_CONVERSION = YES;
				CLANG_WARN_OBJC_ROOT_CLASS = YES_ERROR;
				CLANG_WARN_UNREACHABLE_CODE = YES;
				CLANG_WARN__DUPLICATE_METHOD_MATCH = YES;
				COPY_PHASE_STRIP = NO;
				CURRENT_PROJECT_VERSION = 1;
				DEBUG_INFORMATION_FORMAT = "dwarf-with-dsym";
				ENABLE_NS_ASSERTIONS = NO;
				ENABLE_STRICT_OBJC_MSGSEND = YES;
				GCC_C_LANGUAGE_STANDARD = gnu99;
				GCC_NO_COMMON_BLOCKS = YES;
				GCC_WARN_64_TO_32_BIT_CONVERSION = YES;
				GCC_WARN_ABOUT_RETURN_TYPE = YES_ERROR;
				GCC_WARN_UNDECLARED_SELECTOR = YES;
				GCC_WARN_UNINITIALIZED_AUTOS = YES_AGGRESSIVE;
				GCC_WARN_UNUSED_FUNCTION = YES;
				GCC_WARN_UNUSED_VARIABLE = YES;
				IPHONEOS_DEPLOYMENT_TARGET = 8.3;
				MACOSX_DEPLOYMENT_TARGET = 10.11;
				MTL_ENABLE_DEBUG_INFO = NO;
				SDKROOT = iphoneos;
				TARGETED_DEVICE_FAMILY = "1,2";
				VALIDATE_PRODUCT = YES;
				VERSIONING_SYSTEM = "apple-generic";
				VERSION_INFO_PREFIX = "";
			};
			name = Release;
		};
		79F256981ADE77250077730C /* Debug */ = {
			isa = XCBuildConfiguration;
			buildSettings = {
				CLANG_ENABLE_MODULES = YES;
				CODE_SIGN_IDENTITY = "iPhone Developer";
				DEFINES_MODULE = YES;
				DYLIB_COMPATIBILITY_VERSION = 1;
				DYLIB_CURRENT_VERSION = 1;
				DYLIB_INSTALL_NAME_BASE = "@rpath";
				FRAMEWORK_SEARCH_PATHS = "$(inherited)";
				INFOPLIST_FILE = VinceRP/Info.plist;
				INSTALL_PATH = "$(LOCAL_LIBRARY_DIR)/Frameworks";
				LD_RUNPATH_SEARCH_PATHS = "$(inherited) @executable_path/Frameworks @loader_path/Frameworks";
				PRODUCT_BUNDLE_IDENTIFIER = "com.bvic23.$(PRODUCT_NAME:rfc1034identifier)";
				PRODUCT_NAME = "$(TARGET_NAME)";
				SKIP_INSTALL = YES;
				SWIFT_OPTIMIZATION_LEVEL = "-Onone";
			};
			name = Debug;
		};
		79F256991ADE77250077730C /* Release */ = {
			isa = XCBuildConfiguration;
			buildSettings = {
				CLANG_ENABLE_MODULES = YES;
				CODE_SIGN_IDENTITY = "iPhone Developer";
				DEFINES_MODULE = YES;
				DYLIB_COMPATIBILITY_VERSION = 1;
				DYLIB_CURRENT_VERSION = 1;
				DYLIB_INSTALL_NAME_BASE = "@rpath";
				FRAMEWORK_SEARCH_PATHS = "$(inherited)";
				INFOPLIST_FILE = VinceRP/Info.plist;
				INSTALL_PATH = "$(LOCAL_LIBRARY_DIR)/Frameworks";
				LD_RUNPATH_SEARCH_PATHS = "$(inherited) @executable_path/Frameworks @loader_path/Frameworks";
				PRODUCT_BUNDLE_IDENTIFIER = "com.bvic23.$(PRODUCT_NAME:rfc1034identifier)";
				PRODUCT_NAME = "$(TARGET_NAME)";
				SKIP_INSTALL = YES;
			};
			name = Release;
		};
		79F2569B1ADE77250077730C /* Debug */ = {
			isa = XCBuildConfiguration;
			buildSettings = {
				FRAMEWORK_SEARCH_PATHS = (
					"$(inherited)",
					"$(PROJECT_DIR)/Carthage/Build/iOS",
				);
				GCC_PREPROCESSOR_DEFINITIONS = (
					"DEBUG=1",
					"$(inherited)",
				);
				INFOPLIST_FILE = VinceRPTests/Info.plist;
				LD_RUNPATH_SEARCH_PATHS = "$(inherited) @executable_path/Frameworks @loader_path/Frameworks";
				PRODUCT_BUNDLE_IDENTIFIER = "com.bvic23.$(PRODUCT_NAME:rfc1034identifier)";
				PRODUCT_NAME = "$(TARGET_NAME)";
			};
			name = Debug;
		};
		79F2569C1ADE77250077730C /* Release */ = {
			isa = XCBuildConfiguration;
			buildSettings = {
				FRAMEWORK_SEARCH_PATHS = (
					"$(inherited)",
					"$(PROJECT_DIR)/Carthage/Build/iOS",
				);
				INFOPLIST_FILE = VinceRPTests/Info.plist;
				LD_RUNPATH_SEARCH_PATHS = "$(inherited) @executable_path/Frameworks @loader_path/Frameworks";
				PRODUCT_BUNDLE_IDENTIFIER = "com.bvic23.$(PRODUCT_NAME:rfc1034identifier)";
				PRODUCT_NAME = "$(TARGET_NAME)";
			};
			name = Release;
		};
/* End XCBuildConfiguration section */

/* Begin XCConfigurationList section */
		02C489731BE35488004FD281 /* Build configuration list for PBXNativeTarget "VinceRP-Mac" */ = {
			isa = XCConfigurationList;
			buildConfigurations = (
				02C4896F1BE35488004FD281 /* Debug */,
				02C489701BE35488004FD281 /* Release */,
			);
			defaultConfigurationIsVisible = 0;
			defaultConfigurationName = Release;
		};
		02C489741BE35488004FD281 /* Build configuration list for PBXNativeTarget "VinceRP-MacTests" */ = {
			isa = XCConfigurationList;
			buildConfigurations = (
				02C489711BE35488004FD281 /* Debug */,
				02C489721BE35488004FD281 /* Release */,
			);
			defaultConfigurationIsVisible = 0;
			defaultConfigurationName = Release;
		};
		79F2567B1ADE77250077730C /* Build configuration list for PBXProject "VinceRP" */ = {
			isa = XCConfigurationList;
			buildConfigurations = (
				79F256951ADE77250077730C /* Debug */,
				79F256961ADE77250077730C /* Release */,
			);
			defaultConfigurationIsVisible = 0;
			defaultConfigurationName = Release;
		};
		79F256971ADE77250077730C /* Build configuration list for PBXNativeTarget "VinceRP" */ = {
			isa = XCConfigurationList;
			buildConfigurations = (
				79F256981ADE77250077730C /* Debug */,
				79F256991ADE77250077730C /* Release */,
			);
			defaultConfigurationIsVisible = 0;
			defaultConfigurationName = Release;
		};
		79F2569A1ADE77250077730C /* Build configuration list for PBXNativeTarget "VinceRPTests" */ = {
			isa = XCConfigurationList;
			buildConfigurations = (
				79F2569B1ADE77250077730C /* Debug */,
				79F2569C1ADE77250077730C /* Release */,
			);
			defaultConfigurationIsVisible = 0;
			defaultConfigurationName = Release;
		};
/* End XCConfigurationList section */
	};
	rootObject = 79F256781ADE77250077730C /* Project object */;
}
